{
  "version": 4,
  "terraform_version": "0.12.20",
  "serial": 1066,
  "lineage": "cb0dcc32-f595-1dfb-4924-5654dc8315d6",
  "outputs": {
    "bastion": {
      "value": "54.212.189.224",
      "type": "string"
    },
    "ca_server": {
      "value": "172.16.41.131",
      "type": "string"
    },
    "log_server": {
      "value": "172.16.93.86",
      "type": "string"
    },
    "vault_server": {
      "value": "172.16.90.158",
      "type": "string"
    }
  },
  "resources": [
    {
      "mode": "managed",
      "type": "aws_eip",
      "name": "bastion_ip",
      "provider": "provider.aws",
      "instances": [
        {
          "schema_version": 0,
          "attributes": {
            "allocation_id": null,
            "associate_with_private_ip": null,
            "association_id": "eipassoc-0179ce6ef750464e2",
            "domain": "vpc",
            "id": "eipalloc-06cbaf4dd46bf9fcc",
            "instance": "i-0f4b8f4a9eb175fde",
            "network_interface": "eni-0e28587049b84ea15",
            "private_dns": "ip-172-16-128-250.us-west-2.compute.internal",
            "private_ip": "172.16.128.250",
            "public_dns": "ec2-54-212-189-224.us-west-2.compute.amazonaws.com",
            "public_ip": "54.212.189.224",
            "public_ipv4_pool": "amazon",
            "tags": {},
            "timeouts": null,
            "vpc": true
          },
          "private": "eyJlMmJmYjczMC1lY2FhLTExZTYtOGY4OC0zNDM2M2JjN2M0YzAiOnsiZGVsZXRlIjoxODAwMDAwMDAwMDAsInJlYWQiOjkwMDAwMDAwMDAwMCwidXBkYXRlIjozMDAwMDAwMDAwMDB9fQ==",
          "dependencies": [
            "aws_instance.bastion",
            "aws_key_pair.t480_laptop",
            "aws_security_group.public_servers",
            "aws_subnet.private",
            "aws_subnet.public",
            "aws_vpc.devops_playground"
          ]
        }
      ]
    },
    {
      "mode": "managed",
      "type": "aws_eip",
      "name": "public_nat_ip",
      "provider": "provider.aws",
      "instances": [
        {
          "schema_version": 0,
          "attributes": {
            "allocation_id": null,
            "associate_with_private_ip": null,
            "association_id": "eipassoc-0c92737a461f8f3ca",
            "domain": "vpc",
            "id": "eipalloc-022a880abd08a4ace",
            "instance": "",
            "network_interface": "eni-01f35d67ef9845e7d",
            "private_dns": "ip-172-16-128-170.us-west-2.compute.internal",
            "private_ip": "172.16.128.170",
            "public_dns": "ec2-52-25-188-9.us-west-2.compute.amazonaws.com",
            "public_ip": "52.25.188.9",
            "public_ipv4_pool": "amazon",
            "tags": {},
            "timeouts": null,
            "vpc": true
          },
          "private": "eyJlMmJmYjczMC1lY2FhLTExZTYtOGY4OC0zNDM2M2JjN2M0YzAiOnsiZGVsZXRlIjoxODAwMDAwMDAwMDAsInJlYWQiOjkwMDAwMDAwMDAwMCwidXBkYXRlIjozMDAwMDAwMDAwMDB9fQ=="
        }
      ]
    },
    {
      "mode": "managed",
      "type": "aws_instance",
      "name": "bastion",
      "provider": "provider.aws",
      "instances": [
        {
          "schema_version": 1,
          "attributes": {
            "ami": "ami-087c2c50437d0b80d",
            "arn": "arn:aws:ec2:us-west-2:777829610915:instance/i-0f4b8f4a9eb175fde",
            "associate_public_ip_address": true,
            "availability_zone": "us-west-2b",
            "cpu_core_count": 1,
            "cpu_threads_per_core": 2,
            "credit_specification": [
              {
                "cpu_credits": "unlimited"
              }
            ],
            "disable_api_termination": false,
            "ebs_block_device": [],
            "ebs_optimized": false,
            "ephemeral_block_device": [],
            "get_password_data": false,
            "hibernation": false,
            "host_id": null,
            "iam_instance_profile": "",
            "id": "i-0f4b8f4a9eb175fde",
            "instance_initiated_shutdown_behavior": null,
            "instance_state": "running",
            "instance_type": "t3a.nano",
            "ipv6_address_count": 0,
            "ipv6_addresses": [],
            "key_name": "t480-laptop-default-copy",
            "metadata_options": [
              {
                "http_endpoint": "enabled",
                "http_put_response_hop_limit": 1,
                "http_tokens": "optional"
              }
            ],
            "monitoring": false,
            "network_interface": [],
            "network_interface_id": null,
            "password_data": "",
            "placement_group": "",
            "primary_network_interface_id": "eni-0e28587049b84ea15",
            "private_dns": "ip-172-16-128-250.us-west-2.compute.internal",
            "private_ip": "172.16.128.250",
            "public_dns": "",
            "public_ip": "54.212.189.224",
            "root_block_device": [
              {
                "delete_on_termination": true,
                "encrypted": true,
                "iops": 100,
                "kms_key_id": "arn:aws:kms:us-west-2:777829610915:key/06f62793-389d-48b6-b661-7cb130b25b55",
                "volume_id": "vol-0bffef570b84c047e",
                "volume_size": 10,
                "volume_type": "gp2"
              }
            ],
            "security_groups": [],
            "source_dest_check": true,
            "subnet_id": "subnet-0629e5b6de22108da",
            "tags": {},
            "tenancy": "default",
            "timeouts": null,
            "user_data": null,
            "user_data_base64": null,
            "volume_tags": {},
            "vpc_security_group_ids": [
              "sg-0ad4af43251db1eb0"
            ]
          },
          "private": "eyJlMmJmYjczMC1lY2FhLTExZTYtOGY4OC0zNDM2M2JjN2M0YzAiOnsiY3JlYXRlIjo2MDAwMDAwMDAwMDAsImRlbGV0ZSI6MTIwMDAwMDAwMDAwMCwidXBkYXRlIjo2MDAwMDAwMDAwMDB9LCJzY2hlbWFfdmVyc2lvbiI6IjEifQ==",
          "dependencies": [
            "aws_key_pair.t480_laptop",
            "aws_security_group.public_servers",
            "aws_subnet.private",
            "aws_subnet.public",
            "aws_vpc.devops_playground"
          ]
        }
      ]
    },
    {
      "mode": "managed",
      "type": "aws_instance",
      "name": "ca_server",
      "provider": "provider.aws",
      "instances": [
        {
          "schema_version": 1,
          "attributes": {
            "ami": "ami-00f4b9641119301bf",
            "arn": "arn:aws:ec2:us-west-2:777829610915:instance/i-0099896ea957b419e",
            "associate_public_ip_address": false,
            "availability_zone": "us-west-2b",
            "cpu_core_count": 1,
            "cpu_threads_per_core": 2,
            "credit_specification": [
              {
                "cpu_credits": "unlimited"
              }
            ],
            "disable_api_termination": false,
            "ebs_block_device": [],
            "ebs_optimized": false,
            "ephemeral_block_device": [],
            "get_password_data": false,
            "hibernation": false,
            "host_id": null,
            "iam_instance_profile": "",
            "id": "i-0099896ea957b419e",
            "instance_initiated_shutdown_behavior": null,
            "instance_state": "running",
            "instance_type": "t3a.nano",
            "ipv6_address_count": 0,
            "ipv6_addresses": [],
            "key_name": "t480-laptop-default-copy",
            "metadata_options": [
              {
                "http_endpoint": "enabled",
                "http_put_response_hop_limit": 1,
                "http_tokens": "optional"
              }
            ],
            "monitoring": false,
            "network_interface": [],
            "network_interface_id": null,
            "password_data": "",
            "placement_group": "",
            "primary_network_interface_id": "eni-07d57fa4af2e1fbfe",
            "private_dns": "ip-172-16-41-131.us-west-2.compute.internal",
            "private_ip": "172.16.41.131",
            "public_dns": "",
            "public_ip": "",
            "root_block_device": [
              {
                "delete_on_termination": true,
                "encrypted": true,
                "iops": 100,
                "kms_key_id": "arn:aws:kms:us-west-2:777829610915:key/06f62793-389d-48b6-b661-7cb130b25b55",
                "volume_id": "vol-0ad1985f484617fb1",
                "volume_size": 8,
                "volume_type": "gp2"
              }
            ],
            "security_groups": [],
            "source_dest_check": true,
            "subnet_id": "subnet-07d51566bc703ba48",
            "tags": {},
            "tenancy": "default",
            "timeouts": null,
            "user_data": null,
            "user_data_base64": null,
            "volume_tags": {},
            "vpc_security_group_ids": [
              "sg-049549a1dc0a0678a",
              "sg-0be45e96f11723f97"
            ]
          },
          "private": "eyJlMmJmYjczMC1lY2FhLTExZTYtOGY4OC0zNDM2M2JjN2M0YzAiOnsiY3JlYXRlIjo2MDAwMDAwMDAwMDAsImRlbGV0ZSI6MTIwMDAwMDAwMDAwMCwidXBkYXRlIjo2MDAwMDAwMDAwMDB9LCJzY2hlbWFfdmVyc2lvbiI6IjEifQ==",
          "dependencies": [
            "aws_key_pair.t480_laptop",
            "aws_security_group.private_intraconnected",
            "aws_security_group.private_servers",
            "aws_subnet.private",
            "aws_subnet.public",
            "aws_vpc.devops_playground"
          ]
        }
      ]
    },
    {
      "mode": "managed",
      "type": "aws_instance",
      "name": "log_server",
      "provider": "provider.aws",
      "instances": [
        {
          "schema_version": 1,
          "attributes": {
            "ami": "ami-087c2c50437d0b80d",
            "arn": "arn:aws:ec2:us-west-2:777829610915:instance/i-0b8141227a92e9ee3",
            "associate_public_ip_address": false,
            "availability_zone": "us-west-2b",
            "cpu_core_count": 1,
            "cpu_threads_per_core": 2,
            "credit_specification": [
              {
                "cpu_credits": "unlimited"
              }
            ],
            "disable_api_termination": false,
            "ebs_block_device": [],
            "ebs_optimized": false,
            "ephemeral_block_device": [],
            "get_password_data": false,
            "hibernation": false,
            "host_id": null,
            "iam_instance_profile": "",
            "id": "i-0b8141227a92e9ee3",
            "instance_initiated_shutdown_behavior": null,
            "instance_state": "running",
            "instance_type": "t3a.micro",
            "ipv6_address_count": 0,
            "ipv6_addresses": [],
            "key_name": "t480-laptop-default-copy",
            "metadata_options": [
              {
                "http_endpoint": "enabled",
                "http_put_response_hop_limit": 1,
                "http_tokens": "optional"
              }
            ],
            "monitoring": false,
            "network_interface": [],
            "network_interface_id": null,
            "password_data": "",
            "placement_group": "",
            "primary_network_interface_id": "eni-065740815c951c88d",
            "private_dns": "ip-172-16-93-86.us-west-2.compute.internal",
            "private_ip": "172.16.93.86",
            "public_dns": "",
            "public_ip": "",
            "root_block_device": [
              {
                "delete_on_termination": true,
                "encrypted": true,
                "iops": 100,
                "kms_key_id": "arn:aws:kms:us-west-2:777829610915:key/06f62793-389d-48b6-b661-7cb130b25b55",
                "volume_id": "vol-0d5c23d7158409ecb",
                "volume_size": 10,
                "volume_type": "gp2"
              }
            ],
            "security_groups": [],
            "source_dest_check": true,
            "subnet_id": "subnet-07d51566bc703ba48",
            "tags": {},
            "tenancy": "default",
            "timeouts": null,
            "user_data": null,
            "user_data_base64": null,
            "volume_tags": {},
            "vpc_security_group_ids": [
              "sg-049549a1dc0a0678a",
              "sg-0be45e96f11723f97"
            ]
          },
          "private": "eyJlMmJmYjczMC1lY2FhLTExZTYtOGY4OC0zNDM2M2JjN2M0YzAiOnsiY3JlYXRlIjo2MDAwMDAwMDAwMDAsImRlbGV0ZSI6MTIwMDAwMDAwMDAwMCwidXBkYXRlIjo2MDAwMDAwMDAwMDB9LCJzY2hlbWFfdmVyc2lvbiI6IjEifQ==",
          "dependencies": [
            "aws_key_pair.t480_laptop",
            "aws_security_group.private_intraconnected",
            "aws_security_group.private_servers",
            "aws_subnet.private",
            "aws_subnet.public",
            "aws_vpc.devops_playground"
          ]
        }
      ]
    },
    {
      "mode": "managed",
      "type": "aws_instance",
      "name": "vault_server",
      "provider": "provider.aws",
      "instances": [
        {
          "schema_version": 1,
          "attributes": {
            "ami": "ami-087c2c50437d0b80d",
            "arn": "arn:aws:ec2:us-west-2:777829610915:instance/i-0b164803183d0b78b",
            "associate_public_ip_address": false,
            "availability_zone": "us-west-2b",
            "cpu_core_count": 1,
            "cpu_threads_per_core": 2,
            "credit_specification": [
              {
                "cpu_credits": "unlimited"
              }
            ],
            "disable_api_termination": false,
            "ebs_block_device": [],
            "ebs_optimized": false,
            "ephemeral_block_device": [],
            "get_password_data": false,
            "hibernation": false,
            "host_id": null,
            "iam_instance_profile": "",
            "id": "i-0b164803183d0b78b",
            "instance_initiated_shutdown_behavior": null,
            "instance_state": "running",
            "instance_type": "t3a.nano",
            "ipv6_address_count": 0,
            "ipv6_addresses": [],
            "key_name": "t480-laptop-default-copy",
            "metadata_options": [
              {
                "http_endpoint": "enabled",
                "http_put_response_hop_limit": 1,
                "http_tokens": "optional"
              }
            ],
            "monitoring": false,
            "network_interface": [],
            "network_interface_id": null,
            "password_data": "",
            "placement_group": "",
            "primary_network_interface_id": "eni-025aa9437c75a8371",
            "private_dns": "ip-172-16-90-158.us-west-2.compute.internal",
            "private_ip": "172.16.90.158",
            "public_dns": "",
            "public_ip": "",
            "root_block_device": [
              {
                "delete_on_termination": true,
                "encrypted": true,
                "iops": 100,
                "kms_key_id": "arn:aws:kms:us-west-2:777829610915:key/06f62793-389d-48b6-b661-7cb130b25b55",
                "volume_id": "vol-092c410159f70671f",
                "volume_size": 10,
                "volume_type": "gp2"
              }
            ],
            "security_groups": [],
            "source_dest_check": true,
            "subnet_id": "subnet-07d51566bc703ba48",
            "tags": {},
            "tenancy": "default",
            "timeouts": null,
            "user_data": null,
            "user_data_base64": null,
            "volume_tags": {},
            "vpc_security_group_ids": [
              "sg-049549a1dc0a0678a",
              "sg-0be45e96f11723f97"
            ]
          },
          "private": "eyJlMmJmYjczMC1lY2FhLTExZTYtOGY4OC0zNDM2M2JjN2M0YzAiOnsiY3JlYXRlIjo2MDAwMDAwMDAwMDAsImRlbGV0ZSI6MTIwMDAwMDAwMDAwMCwidXBkYXRlIjo2MDAwMDAwMDAwMDB9LCJzY2hlbWFfdmVyc2lvbiI6IjEifQ==",
          "dependencies": [
            "aws_key_pair.t480_laptop",
            "aws_security_group.private_intraconnected",
            "aws_security_group.private_servers",
            "aws_subnet.private",
            "aws_subnet.public",
            "aws_vpc.devops_playground"
          ]
        }
      ]
    },
    {
      "mode": "managed",
      "type": "aws_internet_gateway",
      "name": "playground_gateway",
      "provider": "provider.aws",
      "instances": [
        {
          "schema_version": 0,
          "attributes": {
            "id": "igw-0dca6ca0304c9a4d5",
            "owner_id": "777829610915",
            "tags": {
              "Name": "playground gateway"
            },
            "vpc_id": "vpc-092309f4e6c2423ec"
          },
          "private": "bnVsbA==",
          "dependencies": [
            "aws_vpc.devops_playground"
          ]
        }
      ]
    },
    {
      "mode": "managed",
      "type": "aws_key_pair",
      "name": "old_laptop_default",
      "provider": "provider.aws",
      "instances": [
        {
          "schema_version": 1,
          "attributes": {
            "fingerprint": "62:99:f0:d6:7f:41:20:ef:59:7b:ec:54:60:ba:3a:83",
            "id": "old-laptop-default-copy",
            "key_name": "old-laptop-default-copy",
            "key_name_prefix": null,
            "key_pair_id": "key-0b6c9989d7ce3fd83",
            "public_key": "ssh-rsa AAAAB3NzaC1yc2EAAAADAQABAAABAQDEnjGTmDBk5NmUbZwrr5Ymn+iSHozHWYucBvnew83toQYxC3cNN4qXqI/P4Owa6uYBQSmtUDdg+Ar8NyaW5rH74RuuEeijYEg3cklKv8kKwUQYOyh2+fe9FFB1IVeD5U4rnWFKYt6t2N2BbiqxJfqDMPtrjBEnl9dfBllMQGfpxReAEDRYi22jYgDSg0wBwKnBNYbR8zA42JFnduqYDij6AQVZbC9zrsfkl+Vs4xxuHutmzMARwmjSi45WqE1wD4TxuLWyblzW9CKMz6wcUbbAzHL5dWOUEg3J9x31uU67/mAXW2b1C27FTaOIgKrkVZNjlM9PEpfAPiDkHEm0wslH masnes@arch",
            "tags": {}
          },
          "private": "eyJzY2hlbWFfdmVyc2lvbiI6IjEifQ=="
        }
      ]
    },
    {
      "mode": "managed",
      "type": "aws_key_pair",
      "name": "t480_laptop",
      "provider": "provider.aws",
      "instances": [
        {
          "schema_version": 1,
          "attributes": {
            "fingerprint": "c0:09:e3:dc:cb:3e:7f:fa:df:d2:29:64:ce:07:c8:f1",
            "id": "t480-laptop-default-copy",
            "key_name": "t480-laptop-default-copy",
            "key_name_prefix": null,
            "key_pair_id": "key-0eaa005a8b81644ef",
            "public_key": "ssh-rsa AAAAB3NzaC1yc2EAAAADAQABAAACAQC+qa6VRnQlNWnyjXgJZu+zcc+FamiWQQQulHWs3ZZAY0iJTIqXKVuMHxqGbOcqqc+vbOxRZUGwq78baZj7soGLvPUW5o3Ipc5dIveQ01O4LpFzl8bfzLCkfdpsX6OCiCZ2k4w1TZUbOkQJS6qsFhmuTGSHTFbg7oR1PVnP58xHINnpxL4/uKPhWszcXQlfldpW4Bi8pbnyDUJbMCannJK2ERyrrPVjoE1V5Ajil0jluyKlkCR1t3jba/EaOqy1wYqvjiBtuO5lvOmRMTi7TujCE8c+INGDeHkqKhzZVBhqMQ/wjpAEEe8pyiodRv+5At6NrjgyC9RJtOMmkp3EXhA2kwIgqaRZ1etALCMyMFcp6djuBbtftmLzDPXhcm72+vxutRJxzYUoKIU0T5YogMjXbCDb2bnmRZlUSADKUFoMC7hTAFPU3YIAWNuIFSnL56pw+v4f6FeDrZY8JtZp2loZl8f3qSKCgDWH8LZdLbKC1bS41CTxvntg+i11MQOPvjlECLQGWB7vc8Z49G0ymBOe3y6xVOg5SaE+WxaHI7/Fy1RL+K/UopoSRta1++jF+ZeubSjZKg35U17X4wFJyOkZwLV3Htyk0hly9XBG2kUllrMbKEutv4y8zot8XMI1QsPoFRJkGaP4SCu8r0Jnpn2Ga5IVW8S826gUNxjSy+CcSQ== mike.asnes@gmail.com",
            "tags": {}
          },
          "private": "eyJzY2hlbWFfdmVyc2lvbiI6IjEifQ=="
        }
      ]
    },
    {
      "mode": "managed",
      "type": "aws_nat_gateway",
      "name": "public_nat",
      "provider": "provider.aws",
      "instances": [
        {
          "schema_version": 0,
          "attributes": {
            "allocation_id": "eipalloc-022a880abd08a4ace",
            "id": "nat-0d475796315fae768",
            "network_interface_id": "eni-01f35d67ef9845e7d",
            "private_ip": "172.16.128.170",
            "public_ip": "52.25.188.9",
            "subnet_id": "subnet-0629e5b6de22108da",
            "tags": {
              "Name": "public nat"
            }
          },
          "private": "bnVsbA==",
          "dependencies": [
            "aws_eip.public_nat_ip",
            "aws_internet_gateway.playground_gateway",
            "aws_subnet.public",
            "aws_vpc.devops_playground"
          ]
        }
      ]
    },
    {
      "mode": "managed",
      "type": "aws_route53_record",
      "name": "bastion",
      "provider": "provider.aws",
      "instances": [
        {
          "schema_version": 2,
          "attributes": {
            "alias": [],
            "allow_overwrite": null,
            "failover_routing_policy": [],
            "fqdn": "bastion.devops-playground",
            "geolocation_routing_policy": [],
            "health_check_id": "",
            "id": "Z04300531SJVPENFQZC4K_bastion_A",
            "latency_routing_policy": [],
            "multivalue_answer_routing_policy": null,
            "name": "bastion",
            "records": [
              "172.16.128.250"
            ],
            "set_identifier": "",
            "ttl": 300,
            "type": "A",
            "weighted_routing_policy": [],
            "zone_id": "Z04300531SJVPENFQZC4K"
          },
          "private": "eyJzY2hlbWFfdmVyc2lvbiI6IjIifQ==",
          "dependencies": [
            "aws_instance.bastion",
            "aws_route53_zone.private",
            "aws_vpc.devops_playground"
          ]
        }
      ]
    },
    {
      "mode": "managed",
      "type": "aws_route53_record",
      "name": "ca_server",
      "provider": "provider.aws",
      "instances": [
        {
          "schema_version": 2,
          "attributes": {
            "alias": [],
            "allow_overwrite": null,
            "failover_routing_policy": [],
            "fqdn": "ca-server.devops-playground",
            "geolocation_routing_policy": [],
            "health_check_id": "",
            "id": "Z04300531SJVPENFQZC4K_ca-server_A",
            "latency_routing_policy": [],
            "multivalue_answer_routing_policy": null,
            "name": "ca-server",
            "records": [
              "172.16.41.131"
            ],
            "set_identifier": "",
            "ttl": 300,
            "type": "A",
            "weighted_routing_policy": [],
            "zone_id": "Z04300531SJVPENFQZC4K"
          },
          "private": "eyJzY2hlbWFfdmVyc2lvbiI6IjIifQ==",
          "dependencies": [
            "aws_instance.ca_server",
            "aws_route53_zone.private",
            "aws_vpc.devops_playground"
          ]
        }
      ]
    },
    {
      "mode": "managed",
      "type": "aws_route53_record",
      "name": "log_server",
      "provider": "provider.aws",
      "instances": [
        {
          "schema_version": 2,
          "attributes": {
            "alias": [],
            "allow_overwrite": null,
            "failover_routing_policy": [],
            "fqdn": "log-server.devops-playground",
            "geolocation_routing_policy": [],
            "health_check_id": "",
            "id": "Z04300531SJVPENFQZC4K_log-server_A",
            "latency_routing_policy": [],
            "multivalue_answer_routing_policy": null,
            "name": "log-server",
            "records": [
              "172.16.93.86"
            ],
            "set_identifier": "",
            "ttl": 300,
            "type": "A",
            "weighted_routing_policy": [],
            "zone_id": "Z04300531SJVPENFQZC4K"
          },
          "private": "eyJzY2hlbWFfdmVyc2lvbiI6IjIifQ==",
          "dependencies": [
            "aws_instance.log_server",
            "aws_route53_zone.private",
            "aws_vpc.devops_playground"
          ]
        }
      ]
    },
    {
      "mode": "managed",
      "type": "aws_route53_record",
      "name": "vault_server",
      "provider": "provider.aws",
      "instances": [
        {
          "schema_version": 2,
          "attributes": {
            "alias": [],
            "allow_overwrite": null,
            "failover_routing_policy": [],
            "fqdn": "vault-server.devops-playground",
            "geolocation_routing_policy": [],
            "health_check_id": "",
            "id": "Z04300531SJVPENFQZC4K_vault-server_A",
            "latency_routing_policy": [],
            "multivalue_answer_routing_policy": null,
            "name": "vault-server",
            "records": [
              "172.16.90.158"
            ],
            "set_identifier": "",
            "ttl": 300,
            "type": "A",
            "weighted_routing_policy": [],
            "zone_id": "Z04300531SJVPENFQZC4K"
          },
          "private": "eyJzY2hlbWFfdmVyc2lvbiI6IjIifQ==",
          "dependencies": [
            "aws_instance.vault_server",
            "aws_route53_zone.private",
            "aws_vpc.devops_playground"
          ]
        }
      ]
    },
    {
      "mode": "managed",
      "type": "aws_route53_zone",
      "name": "private",
      "provider": "provider.aws",
      "instances": [
        {
          "schema_version": 0,
          "attributes": {
            "comment": "Managed by Terraform",
            "delegation_set_id": "",
            "force_destroy": false,
            "id": "Z04300531SJVPENFQZC4K",
            "name": "devops-playground.",
            "name_servers": [
              "ns-0.awsdns-00.com.",
              "ns-1024.awsdns-00.org.",
              "ns-1536.awsdns-00.co.uk.",
              "ns-512.awsdns-00.net."
            ],
            "tags": {},
            "vpc": [
              {
                "vpc_id": "vpc-092309f4e6c2423ec",
                "vpc_region": "us-west-2"
              }
            ],
            "vpc_id": null,
            "vpc_region": null,
            "zone_id": "Z04300531SJVPENFQZC4K"
          },
          "private": "bnVsbA==",
          "dependencies": [
            "aws_vpc.devops_playground"
          ]
        }
      ]
    },
    {
      "mode": "managed",
      "type": "aws_route_table",
      "name": "public_private_table",
      "provider": "provider.aws",
      "instances": [
        {
          "schema_version": 0,
          "attributes": {
            "id": "rtb-04f0454a6800dcc30",
            "owner_id": "777829610915",
            "propagating_vgws": [],
            "route": [
              {
                "cidr_block": "0.0.0.0/0",
                "egress_only_gateway_id": "",
                "gateway_id": "",
                "instance_id": "",
                "ipv6_cidr_block": "",
                "nat_gateway_id": "nat-0d475796315fae768",
                "network_interface_id": "",
                "transit_gateway_id": "",
                "vpc_peering_connection_id": ""
              }
            ],
            "tags": {
              "Name": "public private table"
            },
            "vpc_id": "vpc-092309f4e6c2423ec"
          },
          "private": "bnVsbA==",
          "dependencies": [
            "aws_eip.public_nat_ip",
            "aws_internet_gateway.playground_gateway",
            "aws_nat_gateway.public_nat",
            "aws_subnet.public",
            "aws_vpc.devops_playground"
          ]
        }
      ]
    },
    {
      "mode": "managed",
      "type": "aws_route_table",
      "name": "public_table",
      "provider": "provider.aws",
      "instances": [
        {
          "schema_version": 0,
          "attributes": {
            "id": "rtb-0c3e0568f2300d368",
            "owner_id": "777829610915",
            "propagating_vgws": [],
            "route": [
              {
                "cidr_block": "0.0.0.0/0",
                "egress_only_gateway_id": "",
                "gateway_id": "igw-0dca6ca0304c9a4d5",
                "instance_id": "",
                "ipv6_cidr_block": "",
                "nat_gateway_id": "",
                "network_interface_id": "",
                "transit_gateway_id": "",
                "vpc_peering_connection_id": ""
              }
            ],
            "tags": {
              "Name": "public table"
            },
            "vpc_id": "vpc-092309f4e6c2423ec"
          },
          "private": "bnVsbA==",
          "dependencies": [
            "aws_internet_gateway.playground_gateway",
            "aws_vpc.devops_playground"
          ]
        }
      ]
    },
    {
      "mode": "managed",
      "type": "aws_route_table_association",
      "name": "public_private_table",
      "provider": "provider.aws",
      "instances": [
        {
          "schema_version": 0,
          "attributes": {
            "gateway_id": null,
            "id": "rtbassoc-0e75a6bee7678a3c4",
            "route_table_id": "rtb-04f0454a6800dcc30",
            "subnet_id": "subnet-07d51566bc703ba48"
          },
          "private": "bnVsbA==",
          "dependencies": [
            "aws_eip.public_nat_ip",
            "aws_internet_gateway.playground_gateway",
            "aws_nat_gateway.public_nat",
            "aws_route_table.public_private_table",
            "aws_subnet.private",
            "aws_subnet.public",
            "aws_vpc.devops_playground"
          ]
        }
      ]
    },
    {
      "mode": "managed",
      "type": "aws_route_table_association",
      "name": "public_table",
      "provider": "provider.aws",
      "instances": [
        {
          "schema_version": 0,
          "attributes": {
            "gateway_id": null,
            "id": "rtbassoc-01cee0bce71766927",
            "route_table_id": "rtb-0c3e0568f2300d368",
            "subnet_id": "subnet-0629e5b6de22108da"
          },
          "private": "bnVsbA==",
          "dependencies": [
            "aws_internet_gateway.playground_gateway",
            "aws_route_table.public_table",
            "aws_subnet.public",
            "aws_vpc.devops_playground"
          ]
        }
      ]
    },
    {
      "mode": "managed",
      "type": "aws_security_group",
      "name": "private_intraconnected",
      "provider": "provider.aws",
      "instances": [
        {
          "schema_version": 1,
          "attributes": {
            "arn": "arn:aws:ec2:us-west-2:777829610915:security-group/sg-049549a1dc0a0678a",
            "description": "allow things to talk to each other",
            "egress": [],
            "id": "sg-049549a1dc0a0678a",
            "ingress": [
              {
                "cidr_blocks": [
                  "172.16.128.0/24",
                  "172.16.0.0/17"
                ],
                "description": "",
                "from_port": 0,
                "ipv6_cidr_blocks": [],
                "prefix_list_ids": [],
                "protocol": "tcp",
                "security_groups": [],
                "self": false,
                "to_port": 65535
              }
            ],
            "name": "private_intraconnected",
            "name_prefix": null,
            "owner_id": "777829610915",
            "revoke_rules_on_delete": false,
            "tags": {},
            "timeouts": null,
            "vpc_id": "vpc-092309f4e6c2423ec"
          },
          "private": "eyJlMmJmYjczMC1lY2FhLTExZTYtOGY4OC0zNDM2M2JjN2M0YzAiOnsiY3JlYXRlIjo2MDAwMDAwMDAwMDAsImRlbGV0ZSI6NjAwMDAwMDAwMDAwfSwic2NoZW1hX3ZlcnNpb24iOiIxIn0=",
          "dependencies": [
            "aws_subnet.private",
            "aws_subnet.public",
            "aws_vpc.devops_playground"
          ]
        }
      ]
    },
    {
      "mode": "managed",
      "type": "aws_security_group",
      "name": "private_servers",
      "provider": "provider.aws",
      "instances": [
        {
          "schema_version": 1,
          "attributes": {
            "arn": "arn:aws:ec2:us-west-2:777829610915:security-group/sg-0be45e96f11723f97",
            "description": "security group associated with servers in the private subnet",
            "egress": [
              {
                "cidr_blocks": [
                  "0.0.0.0/0"
                ],
                "description": "",
                "from_port": 0,
                "ipv6_cidr_blocks": [],
                "prefix_list_ids": [],
                "protocol": "-1",
                "security_groups": [],
                "self": false,
                "to_port": 0
              }
            ],
            "id": "sg-0be45e96f11723f97",
            "ingress": [
              {
                "cidr_blocks": [
                  "172.16.128.0/24"
                ],
                "description": "",
                "from_port": 0,
                "ipv6_cidr_blocks": [],
                "prefix_list_ids": [],
                "protocol": "tcp",
                "security_groups": [],
                "self": false,
                "to_port": 65535
              }
            ],
            "name": "private_servers",
            "name_prefix": null,
            "owner_id": "777829610915",
            "revoke_rules_on_delete": false,
            "tags": {},
            "timeouts": null,
            "vpc_id": "vpc-092309f4e6c2423ec"
          },
          "private": "eyJlMmJmYjczMC1lY2FhLTExZTYtOGY4OC0zNDM2M2JjN2M0YzAiOnsiY3JlYXRlIjo2MDAwMDAwMDAwMDAsImRlbGV0ZSI6NjAwMDAwMDAwMDAwfSwic2NoZW1hX3ZlcnNpb24iOiIxIn0=",
          "dependencies": [
            "aws_subnet.public",
            "aws_vpc.devops_playground"
          ]
        }
      ]
    },
    {
      "mode": "managed",
      "type": "aws_security_group",
      "name": "public_servers",
      "provider": "provider.aws",
      "instances": [
        {
          "schema_version": 1,
          "attributes": {
            "arn": "arn:aws:ec2:us-west-2:777829610915:security-group/sg-0ad4af43251db1eb0",
            "description": "access to bastions and other public servers",
            "egress": [
              {
                "cidr_blocks": [
                  "0.0.0.0/0"
                ],
                "description": "",
                "from_port": 0,
                "ipv6_cidr_blocks": [],
                "prefix_list_ids": [],
                "protocol": "-1",
                "security_groups": [],
                "self": false,
                "to_port": 0
              }
            ],
            "id": "sg-0ad4af43251db1eb0",
            "ingress": [
              {
                "cidr_blocks": [
                  "172.16.0.0/17"
                ],
                "description": "",
                "from_port": 0,
                "ipv6_cidr_blocks": [],
                "prefix_list_ids": [],
                "protocol": "tcp",
                "security_groups": [],
                "self": false,
                "to_port": 65535
              },
              {
                "cidr_blocks": [
                  "73.78.216.54/32"
                ],
                "description": "",
                "from_port": 22,
                "ipv6_cidr_blocks": [],
                "prefix_list_ids": [],
                "protocol": "tcp",
                "security_groups": [],
                "self": false,
                "to_port": 22
              },
              {
                "cidr_blocks": [
                  "73.78.216.54/32"
                ],
                "description": "",
                "from_port": 8000,
                "ipv6_cidr_blocks": [],
                "prefix_list_ids": [],
                "protocol": "tcp",
                "security_groups": [],
                "self": false,
                "to_port": 8000
              },
              {
                "cidr_blocks": [
                  "73.78.216.54/32"
                ],
                "description": "",
                "from_port": 8089,
                "ipv6_cidr_blocks": [],
                "prefix_list_ids": [],
                "protocol": "tcp",
                "security_groups": [],
                "self": false,
                "to_port": 8089
              }
            ],
            "name": "public_servers",
            "name_prefix": null,
            "owner_id": "777829610915",
            "revoke_rules_on_delete": false,
            "tags": {},
            "timeouts": null,
            "vpc_id": "vpc-092309f4e6c2423ec"
          },
          "private": "eyJlMmJmYjczMC1lY2FhLTExZTYtOGY4OC0zNDM2M2JjN2M0YzAiOnsiY3JlYXRlIjo2MDAwMDAwMDAwMDAsImRlbGV0ZSI6NjAwMDAwMDAwMDAwfSwic2NoZW1hX3ZlcnNpb24iOiIxIn0=",
          "dependencies": [
            "aws_subnet.private",
            "aws_vpc.devops_playground"
          ]
        }
      ]
    },
    {
      "mode": "managed",
      "type": "aws_subnet",
      "name": "private",
      "provider": "provider.aws",
      "instances": [
        {
          "schema_version": 1,
          "attributes": {
            "arn": "arn:aws:ec2:us-west-2:777829610915:subnet/subnet-07d51566bc703ba48",
            "assign_ipv6_address_on_creation": false,
            "availability_zone": "us-west-2b",
            "availability_zone_id": "usw2-az2",
            "cidr_block": "172.16.0.0/17",
            "id": "subnet-07d51566bc703ba48",
            "ipv6_cidr_block": "",
            "ipv6_cidr_block_association_id": "",
            "map_public_ip_on_launch": false,
            "owner_id": "777829610915",
            "tags": {
              "Name": "private"
            },
            "timeouts": null,
            "vpc_id": "vpc-092309f4e6c2423ec"
          },
          "private": "eyJlMmJmYjczMC1lY2FhLTExZTYtOGY4OC0zNDM2M2JjN2M0YzAiOnsiY3JlYXRlIjo2MDAwMDAwMDAwMDAsImRlbGV0ZSI6MTIwMDAwMDAwMDAwMH0sInNjaGVtYV92ZXJzaW9uIjoiMSJ9",
          "dependencies": [
            "aws_vpc.devops_playground"
          ]
        }
      ]
    },
    {
      "mode": "managed",
      "type": "aws_subnet",
      "name": "public",
      "provider": "provider.aws",
      "instances": [
        {
          "schema_version": 1,
          "attributes": {
            "arn": "arn:aws:ec2:us-west-2:777829610915:subnet/subnet-0629e5b6de22108da",
            "assign_ipv6_address_on_creation": false,
            "availability_zone": "us-west-2b",
            "availability_zone_id": "usw2-az2",
            "cidr_block": "172.16.128.0/24",
            "id": "subnet-0629e5b6de22108da",
            "ipv6_cidr_block": "",
            "ipv6_cidr_block_association_id": "",
            "map_public_ip_on_launch": false,
            "owner_id": "777829610915",
            "tags": {
              "Name": "public"
            },
            "timeouts": null,
            "vpc_id": "vpc-092309f4e6c2423ec"
          },
          "private": "eyJlMmJmYjczMC1lY2FhLTExZTYtOGY4OC0zNDM2M2JjN2M0YzAiOnsiY3JlYXRlIjo2MDAwMDAwMDAwMDAsImRlbGV0ZSI6MTIwMDAwMDAwMDAwMH0sInNjaGVtYV92ZXJzaW9uIjoiMSJ9",
          "dependencies": [
            "aws_vpc.devops_playground"
          ]
        }
      ]
    },
    {
      "mode": "managed",
      "type": "aws_vpc",
      "name": "devops_playground",
      "provider": "provider.aws",
      "instances": [
        {
          "schema_version": 1,
          "attributes": {
            "arn": "arn:aws:ec2:us-west-2:777829610915:vpc/vpc-092309f4e6c2423ec",
            "assign_generated_ipv6_cidr_block": false,
            "cidr_block": "172.16.0.0/16",
            "default_network_acl_id": "acl-0d1853d0afcb1e687",
            "default_route_table_id": "rtb-0a7b36f744b0867e2",
            "default_security_group_id": "sg-0f9a671c671417026",
            "dhcp_options_id": "dopt-e60db983",
            "enable_classiclink": false,
            "enable_classiclink_dns_support": false,
            "enable_dns_hostnames": false,
            "enable_dns_support": true,
            "id": "vpc-092309f4e6c2423ec",
            "instance_tenancy": "default",
            "ipv6_association_id": "",
            "ipv6_cidr_block": "",
            "main_route_table_id": "rtb-0a7b36f744b0867e2",
            "owner_id": "777829610915",
            "tags": {}
          },
          "private": "eyJzY2hlbWFfdmVyc2lvbiI6IjEifQ=="
        }
      ]
    }
  ]
}
