{
  "version": 4,
  "terraform_version": "0.12.20",
  "serial": 712,
  "lineage": "cb0dcc32-f595-1dfb-4924-5654dc8315d6",
  "outputs": {
    "bastion": {
      "value": "",
      "type": "string"
    },
    "ca_server": {
      "value": "",
      "type": "string"
    },
    "log_server": {
      "value": "",
      "type": "string"
    },
    "vault_server": {
      "value": "",
      "type": "string"
    }
  },
  "resources": [
    {
      "mode": "managed",
      "type": "aws_eip",
      "name": "bastion_ip",
      "provider": "provider.aws",
      "instances": [
        {
          "schema_version": 0,
          "attributes": {
            "allocation_id": null,
            "associate_with_private_ip": null,
            "association_id": "eipassoc-00e5de3efac2daee4",
            "domain": "vpc",
            "id": "eipalloc-0afeced498d75ffa9",
            "instance": "i-0e36dec8492401fe8",
            "network_interface": "eni-0c8d8f1aefbbbe3b8",
            "private_dns": "ip-172-16-128-23.us-west-2.compute.internal",
            "private_ip": "172.16.128.23",
            "public_dns": "ec2-44-235-112-172.us-west-2.compute.amazonaws.com",
            "public_ip": "44.235.112.172",
            "public_ipv4_pool": "amazon",
            "tags": null,
            "timeouts": null,
            "vpc": true
          },
          "private": "eyJlMmJmYjczMC1lY2FhLTExZTYtOGY4OC0zNDM2M2JjN2M0YzAiOnsiZGVsZXRlIjoxODAwMDAwMDAwMDAsInJlYWQiOjkwMDAwMDAwMDAwMCwidXBkYXRlIjozMDAwMDAwMDAwMDB9fQ==",
          "dependencies": [
            "aws_instance.bastion",
            "aws_key_pair.t480_laptop",
            "aws_security_group.base",
            "aws_security_group.intraconnected",
            "aws_subnet.public",
            "aws_vpc.devops_playground"
          ]
        }
      ]
    },
    {
      "mode": "managed",
      "type": "aws_eip",
      "name": "ca_ip",
      "provider": "provider.aws",
      "instances": [
        {
          "schema_version": 0,
          "attributes": {
            "allocation_id": null,
            "associate_with_private_ip": null,
            "association_id": "eipassoc-0995360e1ec1b6f51",
            "domain": "vpc",
            "id": "eipalloc-0ceb46253d41e6926",
            "instance": "i-08110345b7fbea193",
            "network_interface": "eni-06a276744c5969b9a",
            "private_dns": "ip-172-16-87-31.us-west-2.compute.internal",
            "private_ip": "172.16.87.31",
            "public_dns": "ec2-54-68-201-216.us-west-2.compute.amazonaws.com",
            "public_ip": "54.68.201.216",
            "public_ipv4_pool": "amazon",
            "tags": null,
            "timeouts": null,
            "vpc": true
          },
          "private": "eyJlMmJmYjczMC1lY2FhLTExZTYtOGY4OC0zNDM2M2JjN2M0YzAiOnsiZGVsZXRlIjoxODAwMDAwMDAwMDAsInJlYWQiOjkwMDAwMDAwMDAwMCwidXBkYXRlIjozMDAwMDAwMDAwMDB9fQ==",
          "dependencies": [
            "aws_instance.ca_server",
            "aws_key_pair.t480_laptop",
            "aws_security_group.base",
            "aws_security_group.intraconnected",
            "aws_subnet.private",
            "aws_vpc.devops_playground"
          ]
        }
      ]
    },
    {
      "mode": "managed",
      "type": "aws_eip",
      "name": "log_server_ip",
      "provider": "provider.aws",
      "instances": [
        {
          "schema_version": 0,
          "attributes": {
            "allocation_id": null,
            "associate_with_private_ip": null,
            "association_id": "eipassoc-08526349b926b994d",
            "domain": "vpc",
            "id": "eipalloc-028fe71d36b6af615",
            "instance": "i-005cacb3639225816",
            "network_interface": "eni-0c0a5e6318361e12a",
            "private_dns": "ip-172-16-61-207.us-west-2.compute.internal",
            "private_ip": "172.16.61.207",
            "public_dns": "ec2-35-165-200-28.us-west-2.compute.amazonaws.com",
            "public_ip": "35.165.200.28",
            "public_ipv4_pool": "amazon",
            "tags": null,
            "timeouts": null,
            "vpc": true
          },
          "private": "eyJlMmJmYjczMC1lY2FhLTExZTYtOGY4OC0zNDM2M2JjN2M0YzAiOnsiZGVsZXRlIjoxODAwMDAwMDAwMDAsInJlYWQiOjkwMDAwMDAwMDAwMCwidXBkYXRlIjozMDAwMDAwMDAwMDB9fQ==",
          "dependencies": [
            "aws_instance.log_server",
            "aws_key_pair.t480_laptop",
            "aws_security_group.base",
            "aws_security_group.intraconnected",
            "aws_subnet.private",
            "aws_vpc.devops_playground"
          ]
        }
      ]
    },
    {
      "mode": "managed",
      "type": "aws_eip",
      "name": "public_nat_ip",
      "provider": "provider.aws",
      "instances": [
        {
          "schema_version": 0,
          "attributes": {
            "allocation_id": null,
            "associate_with_private_ip": null,
            "association_id": "eipassoc-0141898141100fd2c",
            "domain": "vpc",
            "id": "eipalloc-01ee93409b31d0238",
            "instance": "",
            "network_interface": "eni-0e4880ca17ce6812a",
            "private_dns": "ip-172-16-128-251.us-west-2.compute.internal",
            "private_ip": "172.16.128.251",
            "public_dns": "ec2-54-189-90-27.us-west-2.compute.amazonaws.com",
            "public_ip": "54.189.90.27",
            "public_ipv4_pool": "amazon",
            "tags": {},
            "timeouts": null,
            "vpc": true
          },
          "private": "eyJlMmJmYjczMC1lY2FhLTExZTYtOGY4OC0zNDM2M2JjN2M0YzAiOnsiZGVsZXRlIjoxODAwMDAwMDAwMDAsInJlYWQiOjkwMDAwMDAwMDAwMCwidXBkYXRlIjozMDAwMDAwMDAwMDB9fQ=="
        }
      ]
    },
    {
      "mode": "managed",
      "type": "aws_eip",
      "name": "vault_ip",
      "provider": "provider.aws",
      "instances": [
        {
          "schema_version": 0,
          "attributes": {
            "allocation_id": null,
            "associate_with_private_ip": null,
            "association_id": "eipassoc-08054f154b9863411",
            "domain": "vpc",
            "id": "eipalloc-03c16ca14af59d2c8",
            "instance": "i-0868596872d035319",
            "network_interface": "eni-0050853585a6eb4af",
            "private_dns": "ip-172-16-68-150.us-west-2.compute.internal",
            "private_ip": "172.16.68.150",
            "public_dns": "ec2-52-36-220-65.us-west-2.compute.amazonaws.com",
            "public_ip": "52.36.220.65",
            "public_ipv4_pool": "amazon",
            "tags": null,
            "timeouts": null,
            "vpc": true
          },
          "private": "eyJlMmJmYjczMC1lY2FhLTExZTYtOGY4OC0zNDM2M2JjN2M0YzAiOnsiZGVsZXRlIjoxODAwMDAwMDAwMDAsInJlYWQiOjkwMDAwMDAwMDAwMCwidXBkYXRlIjozMDAwMDAwMDAwMDB9fQ==",
          "dependencies": [
            "aws_instance.vault_server",
            "aws_key_pair.t480_laptop",
            "aws_security_group.base",
            "aws_security_group.intraconnected",
            "aws_subnet.private",
            "aws_vpc.devops_playground"
          ]
        }
      ]
    },
    {
      "mode": "managed",
      "type": "aws_instance",
      "name": "bastion",
      "provider": "provider.aws",
      "instances": [
        {
          "schema_version": 1,
          "attributes": {
            "ami": "ami-087c2c50437d0b80d",
            "arn": "arn:aws:ec2:us-west-2:777829610915:instance/i-0e36dec8492401fe8",
            "associate_public_ip_address": false,
            "availability_zone": "us-west-2b",
            "cpu_core_count": 1,
            "cpu_threads_per_core": 2,
            "credit_specification": [
              {
                "cpu_credits": "unlimited"
              }
            ],
            "disable_api_termination": false,
            "ebs_block_device": [],
            "ebs_optimized": false,
            "ephemeral_block_device": [],
            "get_password_data": false,
            "hibernation": false,
            "host_id": null,
            "iam_instance_profile": "",
            "id": "i-0e36dec8492401fe8",
            "instance_initiated_shutdown_behavior": null,
            "instance_state": "running",
            "instance_type": "t3a.nano",
            "ipv6_address_count": 0,
            "ipv6_addresses": [],
            "key_name": "t480-laptop-default-copy",
            "metadata_options": [
              {
                "http_endpoint": "enabled",
                "http_put_response_hop_limit": 1,
                "http_tokens": "optional"
              }
            ],
            "monitoring": false,
            "network_interface": [],
            "network_interface_id": null,
            "password_data": "",
            "placement_group": "",
            "primary_network_interface_id": "eni-0c8d8f1aefbbbe3b8",
            "private_dns": "ip-172-16-128-23.us-west-2.compute.internal",
            "private_ip": "172.16.128.23",
            "public_dns": "",
            "public_ip": "",
            "root_block_device": [
              {
                "delete_on_termination": true,
                "encrypted": true,
                "iops": 100,
                "kms_key_id": "arn:aws:kms:us-west-2:777829610915:key/06f62793-389d-48b6-b661-7cb130b25b55",
                "volume_id": "vol-046ee66676d3a230d",
                "volume_size": 10,
                "volume_type": "gp2"
              }
            ],
            "security_groups": [],
            "source_dest_check": true,
            "subnet_id": "subnet-0239d6dfad48cd5d7",
            "tags": null,
            "tenancy": "default",
            "timeouts": null,
            "user_data": null,
            "user_data_base64": null,
            "volume_tags": {},
            "vpc_security_group_ids": [
              "sg-0e9c163bf2017b338",
              "sg-0fc3a4c10e305bb53"
            ]
          },
          "private": "eyJlMmJmYjczMC1lY2FhLTExZTYtOGY4OC0zNDM2M2JjN2M0YzAiOnsiY3JlYXRlIjo2MDAwMDAwMDAwMDAsImRlbGV0ZSI6MTIwMDAwMDAwMDAwMCwidXBkYXRlIjo2MDAwMDAwMDAwMDB9LCJzY2hlbWFfdmVyc2lvbiI6IjEifQ==",
          "dependencies": [
            "aws_key_pair.t480_laptop",
            "aws_security_group.base",
            "aws_security_group.intraconnected",
            "aws_subnet.public",
            "aws_vpc.devops_playground"
          ]
        }
      ]
    },
    {
      "mode": "managed",
      "type": "aws_instance",
      "name": "ca_server",
      "provider": "provider.aws",
      "instances": [
        {
          "schema_version": 1,
          "attributes": {
            "ami": "ami-00f4b9641119301bf",
            "arn": "arn:aws:ec2:us-west-2:777829610915:instance/i-08110345b7fbea193",
            "associate_public_ip_address": false,
            "availability_zone": "us-west-2b",
            "cpu_core_count": 1,
            "cpu_threads_per_core": 2,
            "credit_specification": [
              {
                "cpu_credits": "unlimited"
              }
            ],
            "disable_api_termination": false,
            "ebs_block_device": [],
            "ebs_optimized": false,
            "ephemeral_block_device": [],
            "get_password_data": false,
            "hibernation": false,
            "host_id": null,
            "iam_instance_profile": "",
            "id": "i-08110345b7fbea193",
            "instance_initiated_shutdown_behavior": null,
            "instance_state": "running",
            "instance_type": "t3a.nano",
            "ipv6_address_count": 0,
            "ipv6_addresses": [],
            "key_name": "t480-laptop-default-copy",
            "metadata_options": [
              {
                "http_endpoint": "enabled",
                "http_put_response_hop_limit": 1,
                "http_tokens": "optional"
              }
            ],
            "monitoring": false,
            "network_interface": [],
            "network_interface_id": null,
            "password_data": "",
            "placement_group": "",
            "primary_network_interface_id": "eni-06a276744c5969b9a",
            "private_dns": "ip-172-16-87-31.us-west-2.compute.internal",
            "private_ip": "172.16.87.31",
            "public_dns": "",
            "public_ip": "",
            "root_block_device": [
              {
                "delete_on_termination": true,
                "encrypted": true,
                "iops": 100,
                "kms_key_id": "arn:aws:kms:us-west-2:777829610915:key/06f62793-389d-48b6-b661-7cb130b25b55",
                "volume_id": "vol-020950e9cf5d411ee",
                "volume_size": 8,
                "volume_type": "gp2"
              }
            ],
            "security_groups": [],
            "source_dest_check": true,
            "subnet_id": "subnet-0903f68cf9d111e6d",
            "tags": null,
            "tenancy": "default",
            "timeouts": null,
            "user_data": null,
            "user_data_base64": null,
            "volume_tags": {},
            "vpc_security_group_ids": [
              "sg-0e9c163bf2017b338",
              "sg-0fc3a4c10e305bb53"
            ]
          },
          "private": "eyJlMmJmYjczMC1lY2FhLTExZTYtOGY4OC0zNDM2M2JjN2M0YzAiOnsiY3JlYXRlIjo2MDAwMDAwMDAwMDAsImRlbGV0ZSI6MTIwMDAwMDAwMDAwMCwidXBkYXRlIjo2MDAwMDAwMDAwMDB9LCJzY2hlbWFfdmVyc2lvbiI6IjEifQ==",
          "dependencies": [
            "aws_key_pair.t480_laptop",
            "aws_security_group.base",
            "aws_security_group.intraconnected",
            "aws_subnet.private",
            "aws_vpc.devops_playground"
          ]
        }
      ]
    },
    {
      "mode": "managed",
      "type": "aws_instance",
      "name": "log_server",
      "provider": "provider.aws",
      "instances": [
        {
          "schema_version": 1,
          "attributes": {
            "ami": "ami-087c2c50437d0b80d",
            "arn": "arn:aws:ec2:us-west-2:777829610915:instance/i-005cacb3639225816",
            "associate_public_ip_address": false,
            "availability_zone": "us-west-2b",
            "cpu_core_count": 1,
            "cpu_threads_per_core": 2,
            "credit_specification": [
              {
                "cpu_credits": "unlimited"
              }
            ],
            "disable_api_termination": false,
            "ebs_block_device": [],
            "ebs_optimized": false,
            "ephemeral_block_device": [],
            "get_password_data": false,
            "hibernation": false,
            "host_id": null,
            "iam_instance_profile": "",
            "id": "i-005cacb3639225816",
            "instance_initiated_shutdown_behavior": null,
            "instance_state": "running",
            "instance_type": "t3a.micro",
            "ipv6_address_count": 0,
            "ipv6_addresses": [],
            "key_name": "t480-laptop-default-copy",
            "metadata_options": [
              {
                "http_endpoint": "enabled",
                "http_put_response_hop_limit": 1,
                "http_tokens": "optional"
              }
            ],
            "monitoring": false,
            "network_interface": [],
            "network_interface_id": null,
            "password_data": "",
            "placement_group": "",
            "primary_network_interface_id": "eni-0c0a5e6318361e12a",
            "private_dns": "ip-172-16-61-207.us-west-2.compute.internal",
            "private_ip": "172.16.61.207",
            "public_dns": "",
            "public_ip": "",
            "root_block_device": [
              {
                "delete_on_termination": true,
                "encrypted": true,
                "iops": 100,
                "kms_key_id": "arn:aws:kms:us-west-2:777829610915:key/06f62793-389d-48b6-b661-7cb130b25b55",
                "volume_id": "vol-05552698e432693cd",
                "volume_size": 10,
                "volume_type": "gp2"
              }
            ],
            "security_groups": [],
            "source_dest_check": true,
            "subnet_id": "subnet-0903f68cf9d111e6d",
            "tags": null,
            "tenancy": "default",
            "timeouts": null,
            "user_data": null,
            "user_data_base64": null,
            "volume_tags": {},
            "vpc_security_group_ids": [
              "sg-0e9c163bf2017b338",
              "sg-0fc3a4c10e305bb53"
            ]
          },
          "private": "eyJlMmJmYjczMC1lY2FhLTExZTYtOGY4OC0zNDM2M2JjN2M0YzAiOnsiY3JlYXRlIjo2MDAwMDAwMDAwMDAsImRlbGV0ZSI6MTIwMDAwMDAwMDAwMCwidXBkYXRlIjo2MDAwMDAwMDAwMDB9LCJzY2hlbWFfdmVyc2lvbiI6IjEifQ==",
          "dependencies": [
            "aws_key_pair.t480_laptop",
            "aws_security_group.base",
            "aws_security_group.intraconnected",
            "aws_subnet.private",
            "aws_vpc.devops_playground"
          ]
        }
      ]
    },
    {
      "mode": "managed",
      "type": "aws_instance",
      "name": "vault_server",
      "provider": "provider.aws",
      "instances": [
        {
          "schema_version": 1,
          "attributes": {
            "ami": "ami-087c2c50437d0b80d",
            "arn": "arn:aws:ec2:us-west-2:777829610915:instance/i-0868596872d035319",
            "associate_public_ip_address": false,
            "availability_zone": "us-west-2b",
            "cpu_core_count": 1,
            "cpu_threads_per_core": 2,
            "credit_specification": [
              {
                "cpu_credits": "unlimited"
              }
            ],
            "disable_api_termination": false,
            "ebs_block_device": [],
            "ebs_optimized": false,
            "ephemeral_block_device": [],
            "get_password_data": false,
            "hibernation": false,
            "host_id": null,
            "iam_instance_profile": "",
            "id": "i-0868596872d035319",
            "instance_initiated_shutdown_behavior": null,
            "instance_state": "running",
            "instance_type": "t3a.nano",
            "ipv6_address_count": 0,
            "ipv6_addresses": [],
            "key_name": "t480-laptop-default-copy",
            "metadata_options": [
              {
                "http_endpoint": "enabled",
                "http_put_response_hop_limit": 1,
                "http_tokens": "optional"
              }
            ],
            "monitoring": false,
            "network_interface": [],
            "network_interface_id": null,
            "password_data": "",
            "placement_group": "",
            "primary_network_interface_id": "eni-0050853585a6eb4af",
            "private_dns": "ip-172-16-68-150.us-west-2.compute.internal",
            "private_ip": "172.16.68.150",
            "public_dns": "",
            "public_ip": "",
            "root_block_device": [
              {
                "delete_on_termination": true,
                "encrypted": true,
                "iops": 100,
                "kms_key_id": "arn:aws:kms:us-west-2:777829610915:key/06f62793-389d-48b6-b661-7cb130b25b55",
                "volume_id": "vol-0f77d44f45bd3af89",
                "volume_size": 10,
                "volume_type": "gp2"
              }
            ],
            "security_groups": [],
            "source_dest_check": true,
            "subnet_id": "subnet-0903f68cf9d111e6d",
            "tags": null,
            "tenancy": "default",
            "timeouts": null,
            "user_data": null,
            "user_data_base64": null,
            "volume_tags": {},
            "vpc_security_group_ids": [
              "sg-0e9c163bf2017b338",
              "sg-0fc3a4c10e305bb53"
            ]
          },
          "private": "eyJlMmJmYjczMC1lY2FhLTExZTYtOGY4OC0zNDM2M2JjN2M0YzAiOnsiY3JlYXRlIjo2MDAwMDAwMDAwMDAsImRlbGV0ZSI6MTIwMDAwMDAwMDAwMCwidXBkYXRlIjo2MDAwMDAwMDAwMDB9LCJzY2hlbWFfdmVyc2lvbiI6IjEifQ==",
          "dependencies": [
            "aws_key_pair.t480_laptop",
            "aws_security_group.base",
            "aws_security_group.intraconnected",
            "aws_subnet.private",
            "aws_vpc.devops_playground"
          ]
        }
      ]
    },
    {
      "mode": "managed",
      "type": "aws_internet_gateway",
      "name": "playground_gateway",
      "provider": "provider.aws",
      "instances": [
        {
          "schema_version": 0,
          "attributes": {
            "id": "igw-0e7059d5e56ebda8b",
            "owner_id": "777829610915",
            "tags": {
              "Name": "playground gateway"
            },
            "vpc_id": "vpc-00e777b3a152ed1eb"
          },
          "private": "bnVsbA==",
          "dependencies": [
            "aws_vpc.devops_playground"
          ]
        }
      ]
    },
    {
      "mode": "managed",
      "type": "aws_key_pair",
      "name": "old_laptop_default",
      "provider": "provider.aws",
      "instances": [
        {
          "schema_version": 1,
          "attributes": {
            "fingerprint": "62:99:f0:d6:7f:41:20:ef:59:7b:ec:54:60:ba:3a:83",
            "id": "old-laptop-default-copy",
            "key_name": "old-laptop-default-copy",
            "key_name_prefix": null,
            "key_pair_id": "key-099a258fbb0a01bbe",
            "public_key": "ssh-rsa AAAAB3NzaC1yc2EAAAADAQABAAABAQDEnjGTmDBk5NmUbZwrr5Ymn+iSHozHWYucBvnew83toQYxC3cNN4qXqI/P4Owa6uYBQSmtUDdg+Ar8NyaW5rH74RuuEeijYEg3cklKv8kKwUQYOyh2+fe9FFB1IVeD5U4rnWFKYt6t2N2BbiqxJfqDMPtrjBEnl9dfBllMQGfpxReAEDRYi22jYgDSg0wBwKnBNYbR8zA42JFnduqYDij6AQVZbC9zrsfkl+Vs4xxuHutmzMARwmjSi45WqE1wD4TxuLWyblzW9CKMz6wcUbbAzHL5dWOUEg3J9x31uU67/mAXW2b1C27FTaOIgKrkVZNjlM9PEpfAPiDkHEm0wslH masnes@arch",
            "tags": null
          },
          "private": "eyJzY2hlbWFfdmVyc2lvbiI6IjEifQ=="
        }
      ]
    },
    {
      "mode": "managed",
      "type": "aws_key_pair",
      "name": "t480_laptop",
      "provider": "provider.aws",
      "instances": [
        {
          "schema_version": 1,
          "attributes": {
            "fingerprint": "c0:09:e3:dc:cb:3e:7f:fa:df:d2:29:64:ce:07:c8:f1",
            "id": "t480-laptop-default-copy",
            "key_name": "t480-laptop-default-copy",
            "key_name_prefix": null,
            "key_pair_id": "key-05b6083f28ec55af3",
            "public_key": "ssh-rsa AAAAB3NzaC1yc2EAAAADAQABAAACAQC+qa6VRnQlNWnyjXgJZu+zcc+FamiWQQQulHWs3ZZAY0iJTIqXKVuMHxqGbOcqqc+vbOxRZUGwq78baZj7soGLvPUW5o3Ipc5dIveQ01O4LpFzl8bfzLCkfdpsX6OCiCZ2k4w1TZUbOkQJS6qsFhmuTGSHTFbg7oR1PVnP58xHINnpxL4/uKPhWszcXQlfldpW4Bi8pbnyDUJbMCannJK2ERyrrPVjoE1V5Ajil0jluyKlkCR1t3jba/EaOqy1wYqvjiBtuO5lvOmRMTi7TujCE8c+INGDeHkqKhzZVBhqMQ/wjpAEEe8pyiodRv+5At6NrjgyC9RJtOMmkp3EXhA2kwIgqaRZ1etALCMyMFcp6djuBbtftmLzDPXhcm72+vxutRJxzYUoKIU0T5YogMjXbCDb2bnmRZlUSADKUFoMC7hTAFPU3YIAWNuIFSnL56pw+v4f6FeDrZY8JtZp2loZl8f3qSKCgDWH8LZdLbKC1bS41CTxvntg+i11MQOPvjlECLQGWB7vc8Z49G0ymBOe3y6xVOg5SaE+WxaHI7/Fy1RL+K/UopoSRta1++jF+ZeubSjZKg35U17X4wFJyOkZwLV3Htyk0hly9XBG2kUllrMbKEutv4y8zot8XMI1QsPoFRJkGaP4SCu8r0Jnpn2Ga5IVW8S826gUNxjSy+CcSQ== mike.asnes@gmail.com",
            "tags": null
          },
          "private": "eyJzY2hlbWFfdmVyc2lvbiI6IjEifQ=="
        }
      ]
    },
    {
      "mode": "managed",
      "type": "aws_nat_gateway",
      "name": "public_nat",
      "provider": "provider.aws",
      "instances": [
        {
          "schema_version": 0,
          "attributes": {
            "allocation_id": "eipalloc-01ee93409b31d0238",
            "id": "nat-00168996f6ae38a5a",
            "network_interface_id": "eni-0e4880ca17ce6812a",
            "private_ip": "172.16.128.251",
            "public_ip": "54.189.90.27",
            "subnet_id": "subnet-0239d6dfad48cd5d7",
            "tags": {
              "Name": "public nat"
            }
          },
          "private": "bnVsbA==",
          "dependencies": [
            "aws_eip.public_nat_ip",
            "aws_internet_gateway.playground_gateway",
            "aws_subnet.public",
            "aws_vpc.devops_playground"
          ]
        }
      ]
    },
    {
      "mode": "managed",
      "type": "aws_route53_record",
      "name": "bastion",
      "provider": "provider.aws",
      "instances": []
    },
    {
      "mode": "managed",
      "type": "aws_route53_record",
      "name": "ca_server",
      "provider": "provider.aws",
      "instances": []
    },
    {
      "mode": "managed",
      "type": "aws_route53_record",
      "name": "log_server",
      "provider": "provider.aws",
      "instances": []
    },
    {
      "mode": "managed",
      "type": "aws_route53_record",
      "name": "vault_server",
      "provider": "provider.aws",
      "instances": []
    },
    {
      "mode": "managed",
      "type": "aws_route53_zone",
      "name": "private",
      "provider": "provider.aws",
      "instances": []
    },
    {
      "mode": "managed",
      "type": "aws_route_table",
      "name": "public_private_table",
      "provider": "provider.aws",
      "instances": [
        {
          "schema_version": 0,
          "attributes": {
            "id": "rtb-04300ddee42891cd7",
            "owner_id": "777829610915",
            "propagating_vgws": [],
            "route": [
              {
                "cidr_block": "0.0.0.0/0",
                "egress_only_gateway_id": "",
                "gateway_id": "",
                "instance_id": "",
                "ipv6_cidr_block": "",
                "nat_gateway_id": "nat-00168996f6ae38a5a",
                "network_interface_id": "",
                "transit_gateway_id": "",
                "vpc_peering_connection_id": ""
              }
            ],
            "tags": {
              "Name": "public private table"
            },
            "vpc_id": "vpc-00e777b3a152ed1eb"
          },
          "dependencies": [
            "aws_eip.public_nat_ip",
            "aws_internet_gateway.playground_gateway",
            "aws_nat_gateway.public_nat",
            "aws_subnet.public",
            "aws_vpc.devops_playground"
          ]
        }
      ]
    },
    {
      "mode": "managed",
      "type": "aws_route_table",
      "name": "public_table",
      "provider": "provider.aws",
      "instances": [
        {
          "schema_version": 0,
          "attributes": {
            "id": "rtb-0476499fe053a0e6c",
            "owner_id": "777829610915",
            "propagating_vgws": [],
            "route": [
              {
                "cidr_block": "0.0.0.0/0",
                "egress_only_gateway_id": "",
                "gateway_id": "igw-0e7059d5e56ebda8b",
                "instance_id": "",
                "ipv6_cidr_block": "",
                "nat_gateway_id": "",
                "network_interface_id": "",
                "transit_gateway_id": "",
                "vpc_peering_connection_id": ""
              }
            ],
            "tags": {
              "Name": "public table"
            },
            "vpc_id": "vpc-00e777b3a152ed1eb"
          },
          "private": "bnVsbA==",
          "dependencies": [
            "aws_internet_gateway.playground_gateway",
            "aws_vpc.devops_playground"
          ]
        }
      ]
    },
    {
      "mode": "managed",
      "type": "aws_route_table_association",
      "name": "public_private_table",
      "provider": "provider.aws",
      "instances": [
        {
          "schema_version": 0,
          "attributes": {
            "gateway_id": null,
            "id": "rtbassoc-000853a5189430925",
            "route_table_id": "rtb-04300ddee42891cd7",
            "subnet_id": "subnet-0903f68cf9d111e6d"
          },
          "private": "bnVsbA==",
          "dependencies": [
            "aws_route_table.public_private_table",
            "aws_subnet.private",
            "aws_vpc.devops_playground"
          ]
        }
      ]
    },
    {
      "mode": "managed",
      "type": "aws_route_table_association",
      "name": "public_table",
      "provider": "provider.aws",
      "instances": [
        {
          "schema_version": 0,
          "attributes": {
            "gateway_id": null,
            "id": "rtbassoc-0ab53dcd283709b49",
            "route_table_id": "rtb-0476499fe053a0e6c",
            "subnet_id": "subnet-0239d6dfad48cd5d7"
          },
          "private": "bnVsbA==",
          "dependencies": [
            "aws_internet_gateway.playground_gateway",
            "aws_route_table.public_table",
            "aws_subnet.public",
            "aws_vpc.devops_playground"
          ]
        }
      ]
    },
    {
      "mode": "managed",
      "type": "aws_security_group",
      "name": "base",
      "provider": "provider.aws",
      "instances": [
        {
          "schema_version": 1,
          "attributes": {
            "arn": "arn:aws:ec2:us-west-2:777829610915:security-group/sg-0e9c163bf2017b338",
            "description": "all access needs from provided public ips",
            "egress": [
              {
                "cidr_blocks": [
                  "0.0.0.0/0"
                ],
                "description": "",
                "from_port": 0,
                "ipv6_cidr_blocks": [],
                "prefix_list_ids": [],
                "protocol": "-1",
                "security_groups": [],
                "self": false,
                "to_port": 0
              }
            ],
            "id": "sg-0e9c163bf2017b338",
            "ingress": [
              {
                "cidr_blocks": [
                  "73.78.216.54/32"
                ],
                "description": "",
                "from_port": 22,
                "ipv6_cidr_blocks": [],
                "prefix_list_ids": [],
                "protocol": "tcp",
                "security_groups": [],
                "self": false,
                "to_port": 22
              },
              {
                "cidr_blocks": [
                  "73.78.216.54/32"
                ],
                "description": "",
                "from_port": 8000,
                "ipv6_cidr_blocks": [],
                "prefix_list_ids": [],
                "protocol": "tcp",
                "security_groups": [],
                "self": false,
                "to_port": 8000
              },
              {
                "cidr_blocks": [
                  "73.78.216.54/32"
                ],
                "description": "",
                "from_port": 8089,
                "ipv6_cidr_blocks": [],
                "prefix_list_ids": [],
                "protocol": "tcp",
                "security_groups": [],
                "self": false,
                "to_port": 8089
              }
            ],
            "name": "base",
            "name_prefix": null,
            "owner_id": "777829610915",
            "revoke_rules_on_delete": false,
            "tags": null,
            "timeouts": null,
            "vpc_id": "vpc-00e777b3a152ed1eb"
          },
          "private": "eyJlMmJmYjczMC1lY2FhLTExZTYtOGY4OC0zNDM2M2JjN2M0YzAiOnsiY3JlYXRlIjo2MDAwMDAwMDAwMDAsImRlbGV0ZSI6NjAwMDAwMDAwMDAwfSwic2NoZW1hX3ZlcnNpb24iOiIxIn0=",
          "dependencies": [
            "aws_vpc.devops_playground"
          ]
        }
      ]
    },
    {
      "mode": "managed",
      "type": "aws_security_group",
      "name": "intraconnected",
      "provider": "provider.aws",
      "instances": [
        {
          "schema_version": 1,
          "attributes": {
            "arn": "arn:aws:ec2:us-west-2:777829610915:security-group/sg-0fc3a4c10e305bb53",
            "description": "allow things to talk to each other",
            "egress": [],
            "id": "sg-0fc3a4c10e305bb53",
            "ingress": [
              {
                "cidr_blocks": [],
                "description": "",
                "from_port": 443,
                "ipv6_cidr_blocks": [],
                "prefix_list_ids": [],
                "protocol": "tcp",
                "security_groups": [
                  "sg-0e9c163bf2017b338"
                ],
                "self": false,
                "to_port": 443
              }
            ],
            "name": "intraconnected",
            "name_prefix": null,
            "owner_id": "777829610915",
            "revoke_rules_on_delete": false,
            "tags": null,
            "timeouts": null,
            "vpc_id": "vpc-00e777b3a152ed1eb"
          },
          "private": "eyJlMmJmYjczMC1lY2FhLTExZTYtOGY4OC0zNDM2M2JjN2M0YzAiOnsiY3JlYXRlIjo2MDAwMDAwMDAwMDAsImRlbGV0ZSI6NjAwMDAwMDAwMDAwfSwic2NoZW1hX3ZlcnNpb24iOiIxIn0=",
          "dependencies": [
            "aws_security_group.base",
            "aws_vpc.devops_playground"
          ]
        }
      ]
    },
    {
      "mode": "managed",
      "type": "aws_subnet",
      "name": "private",
      "provider": "provider.aws",
      "instances": [
        {
          "schema_version": 1,
          "attributes": {
            "arn": "arn:aws:ec2:us-west-2:777829610915:subnet/subnet-0903f68cf9d111e6d",
            "assign_ipv6_address_on_creation": false,
            "availability_zone": "us-west-2b",
            "availability_zone_id": "usw2-az2",
            "cidr_block": "172.16.0.0/17",
            "id": "subnet-0903f68cf9d111e6d",
            "ipv6_cidr_block": "",
            "ipv6_cidr_block_association_id": "",
            "map_public_ip_on_launch": false,
            "owner_id": "777829610915",
            "tags": {
              "Name": "private"
            },
            "timeouts": null,
            "vpc_id": "vpc-00e777b3a152ed1eb"
          },
          "private": "eyJlMmJmYjczMC1lY2FhLTExZTYtOGY4OC0zNDM2M2JjN2M0YzAiOnsiY3JlYXRlIjo2MDAwMDAwMDAwMDAsImRlbGV0ZSI6MTIwMDAwMDAwMDAwMH0sInNjaGVtYV92ZXJzaW9uIjoiMSJ9",
          "dependencies": [
            "aws_vpc.devops_playground"
          ]
        }
      ]
    },
    {
      "mode": "managed",
      "type": "aws_subnet",
      "name": "public",
      "provider": "provider.aws",
      "instances": [
        {
          "schema_version": 1,
          "attributes": {
            "arn": "arn:aws:ec2:us-west-2:777829610915:subnet/subnet-0239d6dfad48cd5d7",
            "assign_ipv6_address_on_creation": false,
            "availability_zone": "us-west-2b",
            "availability_zone_id": "usw2-az2",
            "cidr_block": "172.16.128.0/24",
            "id": "subnet-0239d6dfad48cd5d7",
            "ipv6_cidr_block": "",
            "ipv6_cidr_block_association_id": "",
            "map_public_ip_on_launch": false,
            "owner_id": "777829610915",
            "tags": {
              "Name": "public"
            },
            "timeouts": null,
            "vpc_id": "vpc-00e777b3a152ed1eb"
          },
          "private": "eyJlMmJmYjczMC1lY2FhLTExZTYtOGY4OC0zNDM2M2JjN2M0YzAiOnsiY3JlYXRlIjo2MDAwMDAwMDAwMDAsImRlbGV0ZSI6MTIwMDAwMDAwMDAwMH0sInNjaGVtYV92ZXJzaW9uIjoiMSJ9",
          "dependencies": [
            "aws_vpc.devops_playground"
          ]
        }
      ]
    },
    {
      "mode": "managed",
      "type": "aws_vpc",
      "name": "devops_playground",
      "provider": "provider.aws",
      "instances": [
        {
          "schema_version": 1,
          "attributes": {
            "arn": "arn:aws:ec2:us-west-2:777829610915:vpc/vpc-00e777b3a152ed1eb",
            "assign_generated_ipv6_cidr_block": false,
            "cidr_block": "172.16.0.0/16",
            "default_network_acl_id": "acl-0065c50ac8956fa6f",
            "default_route_table_id": "rtb-04300ddee42891cd7",
            "default_security_group_id": "sg-085a0a0df7cc5132c",
            "dhcp_options_id": "dopt-e60db983",
            "enable_classiclink": false,
            "enable_classiclink_dns_support": false,
            "enable_dns_hostnames": false,
            "enable_dns_support": true,
            "id": "vpc-00e777b3a152ed1eb",
            "instance_tenancy": "default",
            "ipv6_association_id": "",
            "ipv6_cidr_block": "",
            "main_route_table_id": "rtb-04300ddee42891cd7",
            "owner_id": "777829610915",
            "tags": {}
          },
          "private": "eyJzY2hlbWFfdmVyc2lvbiI6IjEifQ=="
        }
      ]
    }
  ]
}
