{
  "version": 4,
  "terraform_version": "0.12.20",
  "serial": 1544,
  "lineage": "cb0dcc32-f595-1dfb-4924-5654dc8315d6",
  "outputs": {},
  "resources": [
    {
      "mode": "data",
      "type": "local_file",
      "name": "provided_public_key",
      "provider": "provider.local",
      "instances": [
        {
          "schema_version": 0,
          "attributes": {
            "content": "-----BEGIN RSA PRIVATE KEY-----\nMIIJKgIBAAKCAgEAvqmulUZ0JTVp8o14CWbvs3HPhWpolkEELpR1rN2WQGNIiUyK\nlylbjB8ahmznKqnPr2zsUWVBsKu/G2mY+7KBi7z1FuaNyKXOXSL3kNNTuC6Rc5fG\n38ywpH3abF+jgogmdpOMNU2VGzpECUuqrBYZrkxkh0xW4O6EdT1Zz+fMRyDZ6cS+\nP7ij4VrM3F0JX5XaVuAYvKW58g1CWzAmp5ySthEcq6z1Y6BNVeQI4pdI5bsipZAk\ndbd422vxGjqstcGKr44gbbjuZbzpkTE4u07owhPHPiDRg3h5Kioc2VQYajEP8I6Q\nBBHvKcoqHUb/uQLeja44MgvUSbTjJpKdxF4QNpMCIKmkWdXrQCwjMjBXKenY7gW7\nX7Zi8wz14XJu9vr8brUScc2FKCiFNE+WKIDI12wg29m55kWZVEgAylBaDAu4UwBT\n1N2CAFjbiBUpy+eqcPr+H+hXg62WPCbWadpaGZfH96kigoA1h/C2XS2ygtW0uNQk\n8b57YPotdTEDj745RAi0Blge73PGePRtMpgTnt8usVToOUmhPlsWhyO/xctUS/iv\n1KKaEkbWtfvoxfmXrm0o2SoN+VNe1+MBScjpGcC1dx7cpNIZcvVwRtpFJZazGyhL\nrb+MvM6LfFzCNULD6BUSZBmj+EgrvK9CZ6Z9hmuSFVvEvNuoFDcY0svgnEkCAwEA\nAQKCAgEAtwvi76+HPF3OjK5jKuunf2jpqhXhuTdMU4f2ffLzGHf5IM/aUovDN4B5\nD8uoF96V5L63FuIWsg4BWMkFtcfH9aeAye6o+pSszeAPO/yXaMFUpVx280/p2tJ1\nDAy5x0z9WGQJfPcyCsTiouYBQlupZhwze23ADw0PIBu5iQ/qn/MbIwLfAAA9XdK1\n0W6E3D7bMwLM3Phiz88JAND2m36Hn8JH+03+/RnehXJ7UUebFeuWtMrxJg7yOf6k\np+DjBVB93FOgMJcWUZiPyPQvmiyE7Cbe53fMjeLwuJlbvw6sre7Sdcn429939HAC\nBL+wLShjEDTOAMY4llbSqaqjSu5fssxOWsC5El/dCDEtnJ6ohySbTchL3quJavxA\ndxqp+RBHtikztifAa0HcNDcTgFgd3aJiNif9VyKkmNeR3M5FEiiJR0AbW5t98DXf\nXptauiStgxW156yQ2hZXuCu0NQjFRHINHw8Qj/pDZvulGauNLWe/mSQTRnxrr1Tu\n/23Omh3sWhI+Tx79gj1tcvLemB1DdXXKE07NRQUsgOzXnJB5uZ3NMEVnTUseHvPP\ns09ZkB4Jx0I9F2smpmh7boFlfQ1sPhXgPJ/FzHf+qkVJcQQVb6v0IfvzA0Scs0Aq\njOLGFQE3Vayrd4LP98NFcgd9Ls8NdQU0eB72nJ8C95UHDozjILECggEBAOvDe98J\ngAel/71P43oFsLUNOeKI8QK+g+SQ6+iPRaUyvO8lWPI6ibCo6F2z61wFg9gKqGKL\nfzM0lcTklldKKRQPLJZMjc1nIjBLUBK+N7phm7posrkYXwwVBRBnkrboriD5W2Ya\npMpRRVMntaSYT15nQ/U5+MrGmPv6gUmoZLbHyRVmvOaW7bSK7crusBgwzVnKloIK\n/f73kliuWoZWRG+JhD7uN6x0OfeQAaNRXrphFooQiSt6h/eULwl66/I2/l7SUd/i\nDmrg2NqaPNZFOCjw2Z1g2mfH6D3nZ6giXoN/5lfZHDIEIDDp0d2Lzn96iX9uVPM9\nUSkWSuBOWvta5wUCggEBAM8HLsYSst9VRSCa4hvVEakmuCvVDix2c5HTSxdRjpp8\nMAFxp5bwTCHj/o+IGkrftf3h3e6Zr6uOwX93PkUyTmZLskh5qrXrYxOGk/nWgs9X\n2PpzfvBE0Pka6tFUB0/t4p2H51dbBLSzuCcNIBbULKa2GK3MbSCh3/epz5ZMhFTT\nDWbT4wx8bSIRNP5NbtHZHZv3WO/0BXC3JamuooBxD4BXnVsHr5g1HEtTrdw9Uu3p\nlmK6uaAqPmKTKYgrt7eUvKIvG0T7ieJ0PHWT8xo92KXvvIkmxv3h/MO4ct3gldmL\nTbCjfGw30ymjnkhfZnWOqr1Z9kGQXIKxyeRz/juxm3UCggEBALUtLXURvOSjyWr3\nCI2N7+TCfDg9GlEMjRjJ0bCO4Wt5GT4CCl9jYspyktbnW7gEuPP+BLZuEtsLzwhW\nzb3YzMaQfqglvlcZqWlJhwhQS00ck2rl6Gpbczc6tACOR23uU1odpgJJ+VdMqySj\nAHCzZ1LZspyx5yIVCh2hvVcYZAUedMXQhNwDIjq7BNANKx/76OLWz2CyB8y2/izO\nF9ziUIcSO6GMuRX6300Cym9yKYS69XI2EONrry8wHhF/9+/UGRhPMgIFmyTBE4Sy\nQIw891Jm/CR3+H8GXc+sk7jeaJlPYXki7Ar3prFQDindtVu7lAxsgjXGaidT7UiA\njmRYz+0CggEAKiGDEkoR3sNCmx0J8LIOswavKjRkewXsBPwj5u3xAF1Pg6u2eFAU\nnj0AvALtntkh9zW07W6XQml91UvV/0z6iXTUJk2kQPtTIVEc4hYWbs2o2WcRqSHI\nCTnCGbFo/4oguQBEQxHBxmhgjInuQtcQ8yhRo2TbvG1U39jN5v9RWtXMf2WVaiAU\nMX+g8jOd3tS5YtkWX1agmMycvIhOh6b6iZrK6hCJWodMZ8PyuMQ+ES6dLSBk0ERo\nh7T9GboT3CdHsBW4DfTGnbAb8a2XJnr5kONV0e9zRY1s3AO4VJD0zd28hLrwgjFm\nJq4mcwH/HuNWucwKAlO3j91Qgc5dKZa+VQKCAQEApXdjVbF6BSXdCpShnJ9Vi1+E\ncJisjbOhPOXYzpv6UUkrqW2XB6tX9JGT/bbyPLxMWxH/cM7aS++pfWbI7LweSvsW\nG4vYegofa4xGuybbHxYfnWmxZJPashH5UbxYt2Ph9vZVIBi8XVHo8+/ypc9Ahh+D\nBIxeUMJt2A5qR1z4GSSrOO4WhkmRwtYnf54I05RDCt3GKfq0zUcMBSjAC+52ChVA\nZMIThz61PU7B4Pp92TCuJWLUu5SyR2SlnvRptXDO7bluhVjEBBAMG4Cke/4v3Q9M\ndu7Zyec1qpTVZsXSq3KJzHl24FhHISUn7p7tTADgSYC+qiE7UEi0gG7PWjwg2A==\n-----END RSA PRIVATE KEY-----\n",
            "content_base64": "LS0tLS1CRUdJTiBSU0EgUFJJVkFURSBLRVktLS0tLQpNSUlKS2dJQkFBS0NBZ0VBdnFtdWxVWjBKVFZwOG8xNENXYnZzM0hQaFdwb2xrRUVMcFIxck4yV1FHTklpVXlLCmx5bGJqQjhhaG16bktxblByMnpzVVdWQnNLdS9HMm1ZKzdLQmk3ejFGdWFOeUtYT1hTTDNrTk5UdUM2UmM1ZkcKMzh5d3BIM2FiRitqZ29nbWRwT01OVTJWR3pwRUNVdXFyQllacmt4a2gweFc0TzZFZFQxWnorZk1SeURaNmNTKwpQN2lqNFZyTTNGMEpYNVhhVnVBWXZLVzU4ZzFDV3pBbXA1eVN0aEVjcTZ6MVk2Qk5WZVFJNHBkSTVic2lwWkFrCmRiZDQyMnZ4R2pxc3RjR0tyNDRnYmJqdVpienBrVEU0dTA3b3doUEhQaURSZzNoNUtpb2MyVlFZYWpFUDhJNlEKQkJIdktjb3FIVWIvdVFMZWphNDRNZ3ZVU2JUakpwS2R4RjRRTnBNQ0lLbWtXZFhyUUN3ak1qQlhLZW5ZN2dXNwpYN1ppOHd6MTRYSnU5dnI4YnJVU2NjMkZLQ2lGTkUrV0tJREkxMndnMjltNTVrV1pWRWdBeWxCYURBdTRVd0JUCjFOMkNBRmpiaUJVcHkrZXFjUHIrSCtoWGc2MldQQ2JXYWRwYUdaZkg5NmtpZ29BMWgvQzJYUzJ5Z3RXMHVOUWsKOGI1N1lQb3RkVEVEajc0NVJBaTBCbGdlNzNQR2VQUnRNcGdUbnQ4dXNWVG9PVW1oUGxzV2h5Ty94Y3RVUy9pdgoxS0thRWtiV3Rmdm94Zm1Ycm0wbzJTb04rVk5lMStNQlNjanBHY0MxZHg3Y3BOSVpjdlZ3UnRwRkpaYXpHeWhMCnJiK012TTZMZkZ6Q05VTEQ2QlVTWkJtaitFZ3J2SzlDWjZaOWhtdVNGVnZFdk51b0ZEY1kwc3ZnbkVrQ0F3RUEKQVFLQ0FnRUF0d3ZpNzYrSFBGM09qSzVqS3V1bmYyanBxaFhodVRkTVU0ZjJmZkx6R0hmNUlNL2FVb3ZETjRCNQpEOHVvRjk2VjVMNjNGdUlXc2c0QldNa0Z0Y2ZIOWFlQXllNm8rcFNzemVBUE8veVhhTUZVcFZ4MjgwL3AydEoxCkRBeTV4MHo5V0dRSmZQY3lDc1Rpb3VZQlFsdXBaaHd6ZTIzQUR3MFBJQnU1aVEvcW4vTWJJd0xmQUFBOVhkSzEKMFc2RTNEN2JNd0xNM1BoaXo4OEpBTkQybTM2SG44SkgrMDMrL1JuZWhYSjdVVWViRmV1V3RNcnhKZzd5T2Y2awpwK0RqQlZCOTNGT2dNSmNXVVppUHlQUXZtaXlFN0NiZTUzZk1qZUx3dUpsYnZ3NnNyZTdTZGNuNDI5OTM5SEFDCkJMK3dMU2hqRURUT0FNWTRsbGJTcWFxalN1NWZzc3hPV3NDNUVsL2RDREV0bko2b2h5U2JUY2hMM3F1SmF2eEEKZHhxcCtSQkh0aWt6dGlmQWEwSGNORGNUZ0ZnZDNhSmlOaWY5VnlLa21OZVIzTTVGRWlpSlIwQWJXNXQ5OERYZgpYcHRhdWlTdGd4VzE1NnlRMmhaWHVDdTBOUWpGUkhJTkh3OFFqL3BEWnZ1bEdhdU5MV2UvbVNRVFJueHJyMVR1Ci8yM09taDNzV2hJK1R4NzlnajF0Y3ZMZW1CMURkWFhLRTA3TlJRVXNnT3pYbkpCNXVaM05NRVZuVFVzZUh2UFAKczA5WmtCNEp4MEk5RjJzbXBtaDdib0ZsZlExc1BoWGdQSi9GekhmK3FrVkpjUVFWYjZ2MElmdnpBMFNjczBBcQpqT0xHRlFFM1ZheXJkNExQOThORmNnZDlMczhOZFFVMGVCNzJuSjhDOTVVSERvempJTEVDZ2dFQkFPdkRlOThKCmdBZWwvNzFQNDNvRnNMVU5PZUtJOFFLK2crU1E2K2lQUmFVeXZPOGxXUEk2aWJDbzZGMno2MXdGZzlnS3FHS0wKZnpNMGxjVGtsbGRLS1JRUExKWk1qYzFuSWpCTFVCSytON3BobTdwb3Nya1lYd3dWQlJCbmtyYm9yaUQ1VzJZYQpwTXBSUlZNbnRhU1lUMTVuUS9VNStNckdtUHY2Z1Vtb1pMYkh5UlZtdk9hVzdiU0s3Y3J1c0Jnd3pWbktsb0lLCi9mNzNrbGl1V29aV1JHK0poRDd1TjZ4ME9mZVFBYU5SWHJwaEZvb1FpU3Q2aC9lVUx3bDY2L0kyL2w3U1VkL2kKRG1yZzJOcWFQTlpGT0NqdzJaMWcybWZINkQzblo2Z2lYb04vNWxmWkhESUVJRERwMGQyTHpuOTZpWDl1VlBNOQpVU2tXU3VCT1d2dGE1d1VDZ2dFQkFNOEhMc1lTc3Q5VlJTQ2E0aHZWRWFrbXVDdlZEaXgyYzVIVFN4ZFJqcHA4Ck1BRnhwNWJ3VENIai9vK0lHa3JmdGYzaDNlNlpyNnVPd1g5M1BrVXlUbVpMc2toNXFyWHJZeE9Hay9uV2dzOVgKMlBwemZ2QkUwUGthNnRGVUIwL3Q0cDJINTFkYkJMU3p1Q2NOSUJiVUxLYTJHSzNNYlNDaDMvZXB6NVpNaEZUVApEV2JUNHd4OGJTSVJOUDVOYnRIWkhadjNXTy8wQlhDM0phbXVvb0J4RDRCWG5Wc0hyNWcxSEV0VHJkdzlVdTNwCmxtSzZ1YUFxUG1LVEtZZ3J0N2VVdktJdkcwVDdpZUowUEhXVDh4bzkyS1h2dklrbXh2M2gvTU80Y3QzZ2xkbUwKVGJDamZHdzMweW1qbmtoZlpuV09xcjFaOWtHUVhJS3h5ZVJ6L2p1eG0zVUNnZ0VCQUxVdExYVVJ2T1NqeVdyMwpDSTJONytUQ2ZEZzlHbEVNalJqSjBiQ080V3Q1R1Q0Q0NsOWpZc3B5a3Riblc3Z0V1UFArQkxadUV0c0x6d2hXCnpiM1l6TWFRZnFnbHZsY1pxV2xKaHdoUVMwMGNrMnJsNkdwYmN6YzZ0QUNPUjIzdVUxb2RwZ0pKK1ZkTXF5U2oKQUhDeloxTFpzcHl4NXlJVkNoMmh2VmNZWkFVZWRNWFFoTndESWpxN0JOQU5LeC83Nk9MV3oyQ3lCOHkyL2l6TwpGOXppVUljU082R011Ulg2MzAwQ3ltOXlLWVM2OVhJMkVPTnJyeTh3SGhGLzkrL1VHUmhQTWdJRm15VEJFNFN5ClFJdzg5MUptL0NSMytIOEdYYytzazdqZWFKbFBZWGtpN0FyM3ByRlFEaW5kdFZ1N2xBeHNnalhHYWlkVDdVaUEKam1SWXorMENnZ0VBS2lHREVrb1Izc05DbXgwSjhMSU9zd2F2S2pSa2V3WHNCUHdqNXUzeEFGMVBnNnUyZUZBVQpuajBBdkFMdG50a2g5elcwN1c2WFFtbDkxVXZWLzB6NmlYVFVKazJrUVB0VElWRWM0aFlXYnMybzJXY1JxU0hJCkNUbkNHYkZvLzRvZ3VRQkVReEhCeG1oZ2pJbnVRdGNROHloUm8yVGJ2RzFVMzlqTjV2OVJXdFhNZjJXVmFpQVUKTVgrZzhqT2QzdFM1WXRrV1gxYWdtTXljdkloT2g2YjZpWnJLNmhDSldvZE1aOFB5dU1RK0VTNmRMU0JrMEVSbwpoN1Q5R2JvVDNDZEhzQlc0RGZUR25iQWI4YTJYSm5yNWtPTlYwZTl6UlkxczNBTzRWSkQwemQyOGhMcndnakZtCkpxNG1jd0gvSHVOV3Vjd0tBbE8zajkxUWdjNWRLWmErVlFLQ0FRRUFwWGRqVmJGNkJTWGRDcFNobko5VmkxK0UKY0ppc2piT2hQT1hZenB2NlVVa3JxVzJYQjZ0WDlKR1QvYmJ5UEx4TVd4SC9jTTdhUysrcGZXYkk3THdlU3ZzVwpHNHZZZWdvZmE0eEd1eWJiSHhZZm5XbXhaSlBhc2hINVVieFl0MlBoOXZaVklCaThYVkhvOCsveXBjOUFoaCtECkJJeGVVTUp0MkE1cVIxejRHU1NyT080V2hrbVJ3dFluZjU0STA1UkRDdDNHS2ZxMHpVY01CU2pBQys1MkNoVkEKWk1JVGh6NjFQVTdCNFBwOTJUQ3VKV0xVdTVTeVIyU2xudlJwdFhETzdibHVoVmpFQkJBTUc0Q2tlLzR2M1E5TQpkdTdaeWVjMXFwVFZac1hTcTNLSnpIbDI0RmhISVNVbjdwN3RUQURnU1lDK3FpRTdVRWkwZ0c3UFdqd2cyQT09Ci0tLS0tRU5EIFJTQSBQUklWQVRFIEtFWS0tLS0tCg==",
            "filename": "/home/masnes/.ssh/id_rsa",
            "id": "ba7d6dc30d5d7a235481ceb735c8f2c1ccb4c621"
          }
        }
      ]
    },
    {
      "mode": "managed",
      "type": "aws_dynamodb_table",
      "name": "vault",
      "provider": "provider.aws",
      "instances": [
        {
          "schema_version": 1,
          "attributes": {
            "arn": "arn:aws:dynamodb:us-west-2:777829610915:table/vault",
            "attribute": [
              {
                "name": "Key",
                "type": "S"
              },
              {
                "name": "Path",
                "type": "S"
              }
            ],
            "billing_mode": "PAY_PER_REQUEST",
            "global_secondary_index": [],
            "hash_key": "Path",
            "id": "vault",
            "local_secondary_index": [],
            "name": "vault",
            "point_in_time_recovery": [
              {
                "enabled": false
              }
            ],
            "range_key": "Key",
            "read_capacity": 0,
            "server_side_encryption": [],
            "stream_arn": "",
            "stream_enabled": false,
            "stream_label": "",
            "stream_view_type": "",
            "tags": {
              "name": "vault-dynamodb-table"
            },
            "timeouts": null,
            "ttl": [
              {
                "attribute_name": "",
                "enabled": false
              }
            ],
            "write_capacity": 0
          },
          "private": "eyJlMmJmYjczMC1lY2FhLTExZTYtOGY4OC0zNDM2M2JjN2M0YzAiOnsiY3JlYXRlIjo2MDAwMDAwMDAwMDAsImRlbGV0ZSI6NjAwMDAwMDAwMDAwLCJ1cGRhdGUiOjM2MDAwMDAwMDAwMDB9LCJzY2hlbWFfdmVyc2lvbiI6IjEifQ=="
        }
      ]
    },
    {
      "mode": "managed",
      "type": "aws_eip",
      "name": "public_nat_ip",
      "provider": "provider.aws",
      "instances": [
        {
          "schema_version": 0,
          "attributes": {
            "allocation_id": null,
            "associate_with_private_ip": null,
            "association_id": "eipassoc-0c8777defdf175fc6",
            "domain": "vpc",
            "id": "eipalloc-072d76b02e58b34c1",
            "instance": "",
            "network_interface": "eni-0482537dd95f9cdb9",
            "private_dns": "ip-172-16-128-119.us-west-2.compute.internal",
            "private_ip": "172.16.128.119",
            "public_dns": "ec2-54-148-198-19.us-west-2.compute.amazonaws.com",
            "public_ip": "54.148.198.19",
            "public_ipv4_pool": "amazon",
            "tags": {},
            "timeouts": null,
            "vpc": true
          },
          "private": "eyJlMmJmYjczMC1lY2FhLTExZTYtOGY4OC0zNDM2M2JjN2M0YzAiOnsiZGVsZXRlIjoxODAwMDAwMDAwMDAsInJlYWQiOjkwMDAwMDAwMDAwMCwidXBkYXRlIjozMDAwMDAwMDAwMDB9fQ=="
        }
      ]
    },
    {
      "mode": "managed",
      "type": "aws_iam_instance_profile",
      "name": "vault_dynamodb",
      "provider": "provider.aws",
      "instances": [
        {
          "schema_version": 0,
          "attributes": {
            "arn": "arn:aws:iam::777829610915:instance-profile/vault_dynamodb",
            "create_date": "2021-11-22T06:12:14Z",
            "id": "vault_dynamodb",
            "name": "vault_dynamodb",
            "name_prefix": null,
            "path": "/",
            "role": "vault_dynamodb",
            "roles": [
              "vault_dynamodb"
            ],
            "unique_id": "AIPA3KGSB6WRU5R3E4ECD"
          },
          "private": "bnVsbA==",
          "dependencies": [
            "aws_iam_role.vault_dynamodb"
          ]
        }
      ]
    },
    {
      "mode": "managed",
      "type": "aws_iam_role",
      "name": "vault_dynamodb",
      "provider": "provider.aws",
      "instances": [
        {
          "schema_version": 0,
          "attributes": {
            "arn": "arn:aws:iam::777829610915:role/vault_dynamodb",
            "assume_role_policy": "{\"Version\":\"2012-10-17\",\"Statement\":[{\"Sid\":\"\",\"Effect\":\"Allow\",\"Principal\":{\"Service\":\"ec2.amazonaws.com\"},\"Action\":\"sts:AssumeRole\"}]}",
            "create_date": "2021-11-22T06:12:13Z",
            "description": "",
            "force_detach_policies": false,
            "id": "vault_dynamodb",
            "max_session_duration": 3600,
            "name": "vault_dynamodb",
            "name_prefix": null,
            "path": "/",
            "permissions_boundary": null,
            "tags": {},
            "unique_id": "AROA3KGSB6WRR36J2NIMO"
          },
          "private": "bnVsbA=="
        }
      ]
    },
    {
      "mode": "managed",
      "type": "aws_iam_role_policy",
      "name": "vault_dynamodb",
      "provider": "provider.aws",
      "instances": [
        {
          "schema_version": 0,
          "attributes": {
            "id": "vault_dynamodb:vault_dynamodb",
            "name": "vault_dynamodb",
            "name_prefix": null,
            "policy": "{\n  \"Version\": \"2012-10-17\",\n  \"Statement\": [\n    {\n      \"Action\": [\n        \"dynamodb:DescribeLimits\",\n        \"dynamodb:DescribeTimeToLive\",\n        \"dynamodb:ListTagsOfResource\",\n        \"dynamodb:DescribeReservedCapacityOfferings\",\n        \"dynamodb:DescribeReservedCapacity\",\n        \"dynamodb:ListTables\",\n        \"dynamodb:BatchGetItem\",\n        \"dynamodb:BatchWriteItem\",\n        \"dynamodb:CreateTable\",\n        \"dynamodb:DeleteItem\",\n        \"dynamodb:GetItem\",\n        \"dynamodb:GetRecords\",\n        \"dynamodb:PutItem\",\n        \"dynamodb:Query\",\n        \"dynamodb:UpdateItem\",\n        \"dynamodb:Scan\",\n        \"dynamodb:DescribeTable\"\n      ],\n      \"Effect\": \"Allow\",\n      \"Resource\": [ \"arn:aws:dynamodb:us-west-2:777829610915:table/vault\" ]\n    }\n  ]\n}\n",
            "role": "vault_dynamodb"
          },
          "private": "bnVsbA==",
          "dependencies": [
            "aws_dynamodb_table.vault",
            "aws_iam_role.vault_dynamodb"
          ]
        }
      ]
    },
    {
      "mode": "managed",
      "type": "aws_internet_gateway",
      "name": "playground_gateway",
      "provider": "provider.aws",
      "instances": [
        {
          "schema_version": 0,
          "attributes": {
            "id": "igw-0af31996e79a33d9f",
            "owner_id": "777829610915",
            "tags": {
              "Name": "playground gateway"
            },
            "vpc_id": "vpc-034aa7bace1ed8b5b"
          },
          "private": "bnVsbA==",
          "dependencies": [
            "aws_vpc.devops_playground"
          ]
        }
      ]
    },
    {
      "mode": "managed",
      "type": "aws_nat_gateway",
      "name": "public_nat",
      "provider": "provider.aws",
      "instances": [
        {
          "schema_version": 0,
          "attributes": {
            "allocation_id": "eipalloc-072d76b02e58b34c1",
            "id": "nat-09268377c2d4e5b71",
            "network_interface_id": "eni-0482537dd95f9cdb9",
            "private_ip": "172.16.128.119",
            "public_ip": "54.148.198.19",
            "subnet_id": "subnet-0c6dc3bc5f09ea7e9",
            "tags": {
              "Name": "public nat"
            }
          },
          "private": "bnVsbA==",
          "dependencies": [
            "aws_eip.public_nat_ip",
            "aws_internet_gateway.playground_gateway",
            "aws_subnet.public",
            "aws_vpc.devops_playground"
          ]
        }
      ]
    },
    {
      "mode": "managed",
      "type": "aws_route53_zone",
      "name": "private",
      "provider": "provider.aws",
      "instances": [
        {
          "schema_version": 0,
          "attributes": {
            "comment": "Managed by Terraform",
            "delegation_set_id": "",
            "force_destroy": false,
            "id": "Z01676883H51T02LEDD57",
            "name": "devops-playground.io.",
            "name_servers": [
              "ns-0.awsdns-00.com.",
              "ns-1024.awsdns-00.org.",
              "ns-1536.awsdns-00.co.uk.",
              "ns-512.awsdns-00.net."
            ],
            "tags": {},
            "vpc": [
              {
                "vpc_id": "vpc-034aa7bace1ed8b5b",
                "vpc_region": "us-west-2"
              }
            ],
            "vpc_id": null,
            "vpc_region": null,
            "zone_id": "Z01676883H51T02LEDD57"
          },
          "private": "bnVsbA==",
          "dependencies": [
            "aws_vpc.devops_playground"
          ]
        }
      ]
    },
    {
      "mode": "managed",
      "type": "aws_route_table",
      "name": "public_private_table",
      "provider": "provider.aws",
      "instances": [
        {
          "schema_version": 0,
          "attributes": {
            "id": "rtb-0b716fb8f1baf5de0",
            "owner_id": "777829610915",
            "propagating_vgws": [],
            "route": [
              {
                "cidr_block": "0.0.0.0/0",
                "egress_only_gateway_id": "",
                "gateway_id": "",
                "instance_id": "",
                "ipv6_cidr_block": "",
                "nat_gateway_id": "nat-09268377c2d4e5b71",
                "network_interface_id": "",
                "transit_gateway_id": "",
                "vpc_peering_connection_id": ""
              }
            ],
            "tags": {
              "Name": "public private table"
            },
            "vpc_id": "vpc-034aa7bace1ed8b5b"
          },
          "private": "bnVsbA==",
          "dependencies": [
            "aws_eip.public_nat_ip",
            "aws_internet_gateway.playground_gateway",
            "aws_nat_gateway.public_nat",
            "aws_subnet.public",
            "aws_vpc.devops_playground"
          ]
        }
      ]
    },
    {
      "mode": "managed",
      "type": "aws_route_table",
      "name": "public_table",
      "provider": "provider.aws",
      "instances": [
        {
          "schema_version": 0,
          "attributes": {
            "id": "rtb-0c74bb82b651db551",
            "owner_id": "777829610915",
            "propagating_vgws": [],
            "route": [
              {
                "cidr_block": "0.0.0.0/0",
                "egress_only_gateway_id": "",
                "gateway_id": "igw-0af31996e79a33d9f",
                "instance_id": "",
                "ipv6_cidr_block": "",
                "nat_gateway_id": "",
                "network_interface_id": "",
                "transit_gateway_id": "",
                "vpc_peering_connection_id": ""
              }
            ],
            "tags": {
              "Name": "public table"
            },
            "vpc_id": "vpc-034aa7bace1ed8b5b"
          },
          "private": "bnVsbA==",
          "dependencies": [
            "aws_internet_gateway.playground_gateway",
            "aws_vpc.devops_playground"
          ]
        }
      ]
    },
    {
      "mode": "managed",
      "type": "aws_route_table_association",
      "name": "public_private_table",
      "provider": "provider.aws",
      "instances": [
        {
          "schema_version": 0,
          "attributes": {
            "gateway_id": null,
            "id": "rtbassoc-01a219910412dee75",
            "route_table_id": "rtb-0b716fb8f1baf5de0",
            "subnet_id": "subnet-0a7eea7d88a817a96"
          },
          "private": "bnVsbA==",
          "dependencies": [
            "aws_eip.public_nat_ip",
            "aws_internet_gateway.playground_gateway",
            "aws_nat_gateway.public_nat",
            "aws_route_table.public_private_table",
            "aws_subnet.private",
            "aws_subnet.public",
            "aws_vpc.devops_playground"
          ]
        }
      ]
    },
    {
      "mode": "managed",
      "type": "aws_route_table_association",
      "name": "public_table",
      "provider": "provider.aws",
      "instances": [
        {
          "schema_version": 0,
          "attributes": {
            "gateway_id": null,
            "id": "rtbassoc-083033e88e870c3a8",
            "route_table_id": "rtb-0c74bb82b651db551",
            "subnet_id": "subnet-0c6dc3bc5f09ea7e9"
          },
          "private": "bnVsbA==",
          "dependencies": [
            "aws_internet_gateway.playground_gateway",
            "aws_route_table.public_table",
            "aws_subnet.public",
            "aws_vpc.devops_playground"
          ]
        }
      ]
    },
    {
      "mode": "managed",
      "type": "aws_security_group",
      "name": "private_intraconnected",
      "provider": "provider.aws",
      "instances": [
        {
          "schema_version": 1,
          "attributes": {
            "arn": "arn:aws:ec2:us-west-2:777829610915:security-group/sg-03c8b28801fd386b8",
            "description": "allow things to talk to each other",
            "egress": [],
            "id": "sg-03c8b28801fd386b8",
            "ingress": [
              {
                "cidr_blocks": [
                  "172.16.128.0/24",
                  "172.16.0.0/17"
                ],
                "description": "",
                "from_port": 0,
                "ipv6_cidr_blocks": [],
                "prefix_list_ids": [],
                "protocol": "icmp",
                "security_groups": [],
                "self": false,
                "to_port": 254
              },
              {
                "cidr_blocks": [
                  "172.16.128.0/24",
                  "172.16.0.0/17"
                ],
                "description": "",
                "from_port": 0,
                "ipv6_cidr_blocks": [],
                "prefix_list_ids": [],
                "protocol": "tcp",
                "security_groups": [],
                "self": false,
                "to_port": 65535
              },
              {
                "cidr_blocks": [
                  "172.16.128.0/24",
                  "172.16.0.0/17"
                ],
                "description": "",
                "from_port": 0,
                "ipv6_cidr_blocks": [],
                "prefix_list_ids": [],
                "protocol": "udp",
                "security_groups": [],
                "self": false,
                "to_port": 65535
              }
            ],
            "name": "private_intraconnected",
            "name_prefix": null,
            "owner_id": "777829610915",
            "revoke_rules_on_delete": false,
            "tags": {},
            "timeouts": null,
            "vpc_id": "vpc-034aa7bace1ed8b5b"
          },
          "private": "eyJlMmJmYjczMC1lY2FhLTExZTYtOGY4OC0zNDM2M2JjN2M0YzAiOnsiY3JlYXRlIjo2MDAwMDAwMDAwMDAsImRlbGV0ZSI6NjAwMDAwMDAwMDAwfSwic2NoZW1hX3ZlcnNpb24iOiIxIn0=",
          "dependencies": [
            "aws_subnet.private",
            "aws_subnet.public",
            "aws_vpc.devops_playground"
          ]
        }
      ]
    },
    {
      "mode": "managed",
      "type": "aws_security_group",
      "name": "private_servers",
      "provider": "provider.aws",
      "instances": [
        {
          "schema_version": 1,
          "attributes": {
            "arn": "arn:aws:ec2:us-west-2:777829610915:security-group/sg-03753e5e56b8a9fbb",
            "description": "security group associated with servers in the private subnet",
            "egress": [
              {
                "cidr_blocks": [
                  "0.0.0.0/0"
                ],
                "description": "",
                "from_port": 0,
                "ipv6_cidr_blocks": [],
                "prefix_list_ids": [],
                "protocol": "-1",
                "security_groups": [],
                "self": false,
                "to_port": 0
              }
            ],
            "id": "sg-03753e5e56b8a9fbb",
            "ingress": [
              {
                "cidr_blocks": [
                  "172.16.128.0/24"
                ],
                "description": "",
                "from_port": 0,
                "ipv6_cidr_blocks": [],
                "prefix_list_ids": [],
                "protocol": "tcp",
                "security_groups": [],
                "self": false,
                "to_port": 65535
              },
              {
                "cidr_blocks": [
                  "172.16.128.0/24"
                ],
                "description": "",
                "from_port": 0,
                "ipv6_cidr_blocks": [],
                "prefix_list_ids": [],
                "protocol": "udp",
                "security_groups": [],
                "self": false,
                "to_port": 65535
              }
            ],
            "name": "private_servers",
            "name_prefix": null,
            "owner_id": "777829610915",
            "revoke_rules_on_delete": false,
            "tags": {},
            "timeouts": null,
            "vpc_id": "vpc-034aa7bace1ed8b5b"
          },
          "private": "eyJlMmJmYjczMC1lY2FhLTExZTYtOGY4OC0zNDM2M2JjN2M0YzAiOnsiY3JlYXRlIjo2MDAwMDAwMDAwMDAsImRlbGV0ZSI6NjAwMDAwMDAwMDAwfSwic2NoZW1hX3ZlcnNpb24iOiIxIn0=",
          "dependencies": [
            "aws_subnet.public",
            "aws_vpc.devops_playground"
          ]
        }
      ]
    },
    {
      "mode": "managed",
      "type": "aws_security_group",
      "name": "public_servers",
      "provider": "provider.aws",
      "instances": [
        {
          "schema_version": 1,
          "attributes": {
            "arn": "arn:aws:ec2:us-west-2:777829610915:security-group/sg-0957160f0aa1f1d3a",
            "description": "access to bastions and other public servers",
            "egress": [
              {
                "cidr_blocks": [
                  "0.0.0.0/0"
                ],
                "description": "",
                "from_port": 0,
                "ipv6_cidr_blocks": [],
                "prefix_list_ids": [],
                "protocol": "-1",
                "security_groups": [],
                "self": false,
                "to_port": 0
              }
            ],
            "id": "sg-0957160f0aa1f1d3a",
            "ingress": [
              {
                "cidr_blocks": [
                  "172.16.0.0/17"
                ],
                "description": "",
                "from_port": 0,
                "ipv6_cidr_blocks": [],
                "prefix_list_ids": [],
                "protocol": "icmp",
                "security_groups": [],
                "self": false,
                "to_port": 254
              },
              {
                "cidr_blocks": [
                  "172.16.0.0/17"
                ],
                "description": "",
                "from_port": 0,
                "ipv6_cidr_blocks": [],
                "prefix_list_ids": [],
                "protocol": "tcp",
                "security_groups": [],
                "self": false,
                "to_port": 65535
              },
              {
                "cidr_blocks": [
                  "172.16.0.0/17"
                ],
                "description": "",
                "from_port": 0,
                "ipv6_cidr_blocks": [],
                "prefix_list_ids": [],
                "protocol": "udp",
                "security_groups": [],
                "self": false,
                "to_port": 65535
              },
              {
                "cidr_blocks": [
                  "73.78.216.54/32"
                ],
                "description": "",
                "from_port": 22,
                "ipv6_cidr_blocks": [],
                "prefix_list_ids": [],
                "protocol": "tcp",
                "security_groups": [],
                "self": false,
                "to_port": 22
              },
              {
                "cidr_blocks": [
                  "73.78.216.54/32"
                ],
                "description": "",
                "from_port": 8000,
                "ipv6_cidr_blocks": [],
                "prefix_list_ids": [],
                "protocol": "tcp",
                "security_groups": [],
                "self": false,
                "to_port": 8000
              },
              {
                "cidr_blocks": [
                  "73.78.216.54/32"
                ],
                "description": "",
                "from_port": 8089,
                "ipv6_cidr_blocks": [],
                "prefix_list_ids": [],
                "protocol": "tcp",
                "security_groups": [],
                "self": false,
                "to_port": 8089
              }
            ],
            "name": "public_servers",
            "name_prefix": null,
            "owner_id": "777829610915",
            "revoke_rules_on_delete": false,
            "tags": {},
            "timeouts": null,
            "vpc_id": "vpc-034aa7bace1ed8b5b"
          },
          "private": "eyJlMmJmYjczMC1lY2FhLTExZTYtOGY4OC0zNDM2M2JjN2M0YzAiOnsiY3JlYXRlIjo2MDAwMDAwMDAwMDAsImRlbGV0ZSI6NjAwMDAwMDAwMDAwfSwic2NoZW1hX3ZlcnNpb24iOiIxIn0=",
          "dependencies": [
            "aws_subnet.private",
            "aws_vpc.devops_playground"
          ]
        }
      ]
    },
    {
      "mode": "managed",
      "type": "aws_subnet",
      "name": "private",
      "provider": "provider.aws",
      "instances": [
        {
          "schema_version": 1,
          "attributes": {
            "arn": "arn:aws:ec2:us-west-2:777829610915:subnet/subnet-0a7eea7d88a817a96",
            "assign_ipv6_address_on_creation": false,
            "availability_zone": "us-west-2b",
            "availability_zone_id": "usw2-az2",
            "cidr_block": "172.16.0.0/17",
            "id": "subnet-0a7eea7d88a817a96",
            "ipv6_cidr_block": "",
            "ipv6_cidr_block_association_id": "",
            "map_public_ip_on_launch": false,
            "owner_id": "777829610915",
            "tags": {
              "Name": "private"
            },
            "timeouts": null,
            "vpc_id": "vpc-034aa7bace1ed8b5b"
          },
          "private": "eyJlMmJmYjczMC1lY2FhLTExZTYtOGY4OC0zNDM2M2JjN2M0YzAiOnsiY3JlYXRlIjo2MDAwMDAwMDAwMDAsImRlbGV0ZSI6MTIwMDAwMDAwMDAwMH0sInNjaGVtYV92ZXJzaW9uIjoiMSJ9",
          "dependencies": [
            "aws_vpc.devops_playground"
          ]
        }
      ]
    },
    {
      "mode": "managed",
      "type": "aws_subnet",
      "name": "public",
      "provider": "provider.aws",
      "instances": [
        {
          "schema_version": 1,
          "attributes": {
            "arn": "arn:aws:ec2:us-west-2:777829610915:subnet/subnet-0c6dc3bc5f09ea7e9",
            "assign_ipv6_address_on_creation": false,
            "availability_zone": "us-west-2b",
            "availability_zone_id": "usw2-az2",
            "cidr_block": "172.16.128.0/24",
            "id": "subnet-0c6dc3bc5f09ea7e9",
            "ipv6_cidr_block": "",
            "ipv6_cidr_block_association_id": "",
            "map_public_ip_on_launch": false,
            "owner_id": "777829610915",
            "tags": {
              "Name": "public"
            },
            "timeouts": null,
            "vpc_id": "vpc-034aa7bace1ed8b5b"
          },
          "private": "eyJlMmJmYjczMC1lY2FhLTExZTYtOGY4OC0zNDM2M2JjN2M0YzAiOnsiY3JlYXRlIjo2MDAwMDAwMDAwMDAsImRlbGV0ZSI6MTIwMDAwMDAwMDAwMH0sInNjaGVtYV92ZXJzaW9uIjoiMSJ9",
          "dependencies": [
            "aws_vpc.devops_playground"
          ]
        }
      ]
    },
    {
      "mode": "managed",
      "type": "aws_vpc",
      "name": "devops_playground",
      "provider": "provider.aws",
      "instances": [
        {
          "schema_version": 1,
          "attributes": {
            "arn": "arn:aws:ec2:us-west-2:777829610915:vpc/vpc-034aa7bace1ed8b5b",
            "assign_generated_ipv6_cidr_block": false,
            "cidr_block": "172.16.0.0/16",
            "default_network_acl_id": "acl-026691845f430592e",
            "default_route_table_id": "rtb-08149075bff36e208",
            "default_security_group_id": "sg-06698e238aac1446e",
            "dhcp_options_id": "dopt-e60db983",
            "enable_classiclink": false,
            "enable_classiclink_dns_support": false,
            "enable_dns_hostnames": true,
            "enable_dns_support": true,
            "id": "vpc-034aa7bace1ed8b5b",
            "instance_tenancy": "default",
            "ipv6_association_id": "",
            "ipv6_cidr_block": "",
            "main_route_table_id": "rtb-08149075bff36e208",
            "owner_id": "777829610915",
            "tags": {}
          },
          "private": "eyJzY2hlbWFfdmVyc2lvbiI6IjEifQ=="
        }
      ]
    }
  ]
}
