{
  "version": 4,
  "terraform_version": "0.12.20",
  "serial": 694,
  "lineage": "cb0dcc32-f595-1dfb-4924-5654dc8315d6",
  "outputs": {},
  "resources": [
    {
      "mode": "managed",
      "type": "aws_eip",
      "name": "public_nat_ip",
      "provider": "provider.aws",
      "instances": [
        {
          "schema_version": 0,
          "attributes": {
            "allocation_id": null,
            "associate_with_private_ip": null,
            "association_id": "eipassoc-0141898141100fd2c",
            "domain": "vpc",
            "id": "eipalloc-01ee93409b31d0238",
            "instance": "",
            "network_interface": "eni-0e4880ca17ce6812a",
            "private_dns": "ip-172-16-128-251.us-west-2.compute.internal",
            "private_ip": "172.16.128.251",
            "public_dns": "ec2-54-189-90-27.us-west-2.compute.amazonaws.com",
            "public_ip": "54.189.90.27",
            "public_ipv4_pool": "amazon",
            "tags": {},
            "timeouts": null,
            "vpc": true
          },
          "private": "eyJlMmJmYjczMC1lY2FhLTExZTYtOGY4OC0zNDM2M2JjN2M0YzAiOnsiZGVsZXRlIjoxODAwMDAwMDAwMDAsInJlYWQiOjkwMDAwMDAwMDAwMCwidXBkYXRlIjozMDAwMDAwMDAwMDB9fQ=="
        }
      ]
    },
    {
      "mode": "managed",
      "type": "aws_internet_gateway",
      "name": "playground_gateway",
      "provider": "provider.aws",
      "instances": [
        {
          "schema_version": 0,
          "attributes": {
            "id": "igw-0e7059d5e56ebda8b",
            "owner_id": "777829610915",
            "tags": {
              "Name": "playground gateway"
            },
            "vpc_id": "vpc-00e777b3a152ed1eb"
          },
          "private": "bnVsbA==",
          "dependencies": [
            "aws_vpc.devops_playground"
          ]
        }
      ]
    },
    {
      "mode": "managed",
      "type": "aws_nat_gateway",
      "name": "public_nat",
      "provider": "provider.aws",
      "instances": [
        {
          "schema_version": 0,
          "attributes": {
            "allocation_id": "eipalloc-01ee93409b31d0238",
            "id": "nat-00168996f6ae38a5a",
            "network_interface_id": "eni-0e4880ca17ce6812a",
            "private_ip": "172.16.128.251",
            "public_ip": "54.189.90.27",
            "subnet_id": "subnet-0239d6dfad48cd5d7",
            "tags": {
              "Name": "public nat"
            }
          },
          "private": "bnVsbA==",
          "dependencies": [
            "aws_eip.public_nat_ip",
            "aws_internet_gateway.playground_gateway",
            "aws_subnet.public",
            "aws_vpc.devops_playground"
          ]
        }
      ]
    },
    {
      "mode": "managed",
      "type": "aws_route_table",
      "name": "public_private_table",
      "provider": "provider.aws",
      "instances": [
        {
          "schema_version": 0,
          "attributes": {
            "id": "rtb-04300ddee42891cd7",
            "owner_id": "777829610915",
            "propagating_vgws": [],
            "route": [
              {
                "cidr_block": "0.0.0.0/0",
                "egress_only_gateway_id": "",
                "gateway_id": "",
                "instance_id": "",
                "ipv6_cidr_block": "",
                "nat_gateway_id": "nat-00168996f6ae38a5a",
                "network_interface_id": "",
                "transit_gateway_id": "",
                "vpc_peering_connection_id": ""
              }
            ],
            "tags": {
              "Name": "public private table"
            },
            "vpc_id": "vpc-00e777b3a152ed1eb"
          },
          "dependencies": [
            "aws_eip.public_nat_ip",
            "aws_internet_gateway.playground_gateway",
            "aws_nat_gateway.public_nat",
            "aws_subnet.public",
            "aws_vpc.devops_playground"
          ]
        }
      ]
    },
    {
      "mode": "managed",
      "type": "aws_subnet",
      "name": "public",
      "provider": "provider.aws",
      "instances": [
        {
          "schema_version": 1,
          "attributes": {
            "arn": "arn:aws:ec2:us-west-2:777829610915:subnet/subnet-0239d6dfad48cd5d7",
            "assign_ipv6_address_on_creation": false,
            "availability_zone": "us-west-2b",
            "availability_zone_id": "usw2-az2",
            "cidr_block": "172.16.128.0/24",
            "id": "subnet-0239d6dfad48cd5d7",
            "ipv6_cidr_block": "",
            "ipv6_cidr_block_association_id": "",
            "map_public_ip_on_launch": false,
            "owner_id": "777829610915",
            "tags": {
              "Name": "public"
            },
            "timeouts": null,
            "vpc_id": "vpc-00e777b3a152ed1eb"
          },
          "private": "eyJlMmJmYjczMC1lY2FhLTExZTYtOGY4OC0zNDM2M2JjN2M0YzAiOnsiY3JlYXRlIjo2MDAwMDAwMDAwMDAsImRlbGV0ZSI6MTIwMDAwMDAwMDAwMH0sInNjaGVtYV92ZXJzaW9uIjoiMSJ9",
          "dependencies": [
            "aws_vpc.devops_playground"
          ]
        }
      ]
    },
    {
      "mode": "managed",
      "type": "aws_vpc",
      "name": "devops_playground",
      "provider": "provider.aws",
      "instances": [
        {
          "schema_version": 1,
          "attributes": {
            "arn": "arn:aws:ec2:us-west-2:777829610915:vpc/vpc-00e777b3a152ed1eb",
            "assign_generated_ipv6_cidr_block": false,
            "cidr_block": "172.16.0.0/16",
            "default_network_acl_id": "acl-0065c50ac8956fa6f",
            "default_route_table_id": "rtb-04300ddee42891cd7",
            "default_security_group_id": "sg-085a0a0df7cc5132c",
            "dhcp_options_id": "dopt-e60db983",
            "enable_classiclink": false,
            "enable_classiclink_dns_support": false,
            "enable_dns_hostnames": false,
            "enable_dns_support": true,
            "id": "vpc-00e777b3a152ed1eb",
            "instance_tenancy": "default",
            "ipv6_association_id": "",
            "ipv6_cidr_block": "",
            "main_route_table_id": "rtb-04300ddee42891cd7",
            "owner_id": "777829610915",
            "tags": {}
          },
          "private": "eyJzY2hlbWFfdmVyc2lvbiI6IjEifQ=="
        }
      ]
    }
  ]
}
